// !$*UTF8*$!
{
	archiveVersion = 1;
	classes = {
	};
	objectVersion = 55;
	objects = {

/* Begin PBXBuildFile section */
		FE67F43B27304D73001631A2 /* AppDelegate.swift in Sources */ = {isa = PBXBuildFile; fileRef = FE67F43A27304D73001631A2 /* AppDelegate.swift */; };
		FE67F43D27304D73001631A2 /* SceneDelegate.swift in Sources */ = {isa = PBXBuildFile; fileRef = FE67F43C27304D73001631A2 /* SceneDelegate.swift */; };
		FE67F43F27304D73001631A2 /* ViewController.swift in Sources */ = {isa = PBXBuildFile; fileRef = FE67F43E27304D73001631A2 /* ViewController.swift */; };
		FE67F44227304D73001631A2 /* Main.storyboard in Resources */ = {isa = PBXBuildFile; fileRef = FE67F44027304D73001631A2 /* Main.storyboard */; };
		FE67F44427304D74001631A2 /* Assets.xcassets in Resources */ = {isa = PBXBuildFile; fileRef = FE67F44327304D74001631A2 /* Assets.xcassets */; };
		FE67F44727304D74001631A2 /* LaunchScreen.storyboard in Resources */ = {isa = PBXBuildFile; fileRef = FE67F44527304D74001631A2 /* LaunchScreen.storyboard */; };
		FE67F45227304D74001631A2 /* ehabHakami_Lab17Tests.swift in Sources */ = {isa = PBXBuildFile; fileRef = FE67F45127304D74001631A2 /* ehabHakami_Lab17Tests.swift */; };
		FE67F45C27304D74001631A2 /* ehabHakami_Lab17UITests.swift in Sources */ = {isa = PBXBuildFile; fileRef = FE67F45B27304D74001631A2 /* ehabHakami_Lab17UITests.swift */; };
		FE67F45E27304D74001631A2 /* ehabHakami_Lab17UITestsLaunchTests.swift in Sources */ = {isa = PBXBuildFile; fileRef = FE67F45D27304D74001631A2 /* ehabHakami_Lab17UITestsLaunchTests.swift */; };
		FE67F46B27304E41001631A2 /* ViewControllerTwo.swift in Sources */ = {isa = PBXBuildFile; fileRef = FE67F46A27304E41001631A2 /* ViewControllerTwo.swift */; };
/* End PBXBuildFile section */

/* Begin PBXContainerItemProxy section */
		FE67F44E27304D74001631A2 /* PBXContainerItemProxy */ = {
			isa = PBXContainerItemProxy;
			containerPortal = FE67F42F27304D73001631A2 /* Project object */;
			proxyType = 1;
			remoteGlobalIDString = FE67F43627304D73001631A2;
			remoteInfo = ehabHakami_Lab17;
		};
		FE67F45827304D74001631A2 /* PBXContainerItemProxy */ = {
			isa = PBXContainerItemProxy;
			containerPortal = FE67F42F27304D73001631A2 /* Project object */;
			proxyType = 1;
			remoteGlobalIDString = FE67F43627304D73001631A2;
			remoteInfo = ehabHakami_Lab17;
		};
/* End PBXContainerItemProxy section */

/* Begin PBXFileReference section */
		FE67F43727304D73001631A2 /* ehabHakami_Lab17.app */ = {isa = PBXFileReference; explicitFileType = wrapper.application; includeInIndex = 0; path = ehabHakami_Lab17.app; sourceTree = BUILT_PRODUCTS_DIR; };
		FE67F43A27304D73001631A2 /* AppDelegate.swift */ = {isa = PBXFileReference; lastKnownFileType = sourcecode.swift; path = AppDelegate.swift; sourceTree = "<group>"; };
		FE67F43C27304D73001631A2 /* SceneDelegate.swift */ = {isa = PBXFileReference; lastKnownFileType = sourcecode.swift; path = SceneDelegate.swift; sourceTree = "<group>"; };
		FE67F43E27304D73001631A2 /* ViewController.swift */ = {isa = PBXFileReference; lastKnownFileType = sourcecode.swift; path = ViewController.swift; sourceTree = "<group>"; };
		FE67F44127304D73001631A2 /* Base */ = {isa = PBXFileReference; lastKnownFileType = file.storyboard; name = Base; path = Base.lproj/Main.storyboard; sourceTree = "<group>"; };
		FE67F44327304D74001631A2 /* Assets.xcassets */ = {isa = PBXFileReference; lastKnownFileType = folder.assetcatalog; path = Assets.xcassets; sourceTree = "<group>"; };
		FE67F44627304D74001631A2 /* Base */ = {isa = PBXFileReference; lastKnownFileType = file.storyboard; name = Base; path = Base.lproj/LaunchScreen.storyboard; sourceTree = "<group>"; };
		FE67F44827304D74001631A2 /* Info.plist */ = {isa = PBXFileReference; lastKnownFileType = text.plist.xml; path = Info.plist; sourceTree = "<group>"; };
		FE67F44D27304D74001631A2 /* ehabHakami_Lab17Tests.xctest */ = {isa = PBXFileReference; explicitFileType = wrapper.cfbundle; includeInIndex = 0; path = ehabHakami_Lab17Tests.xctest; sourceTree = BUILT_PRODUCTS_DIR; };
		FE67F45127304D74001631A2 /* ehabHakami_Lab17Tests.swift */ = {isa = PBXFileReference; lastKnownFileType = sourcecode.swift; path = ehabHakami_Lab17Tests.swift; sourceTree = "<group>"; };
		FE67F45727304D74001631A2 /* ehabHakami_Lab17UITests.xctest */ = {isa = PBXFileReference; explicitFileType = wrapper.cfbundle; includeInIndex = 0; path = ehabHakami_Lab17UITests.xctest; sourceTree = BUILT_PRODUCTS_DIR; };
		FE67F45B27304D74001631A2 /* ehabHakami_Lab17UITests.swift */ = {isa = PBXFileReference; lastKnownFileType = sourcecode.swift; path = ehabHakami_Lab17UITests.swift; sourceTree = "<group>"; };
		FE67F45D27304D74001631A2 /* ehabHakami_Lab17UITestsLaunchTests.swift */ = {isa = PBXFileReference; lastKnownFileType = sourcecode.swift; path = ehabHakami_Lab17UITestsLaunchTests.swift; sourceTree = "<group>"; };
		FE67F46A27304E41001631A2 /* ViewControllerTwo.swift */ = {isa = PBXFileReference; lastKnownFileType = sourcecode.swift; path = ViewControllerTwo.swift; sourceTree = "<group>"; };
/* End PBXFileReference section */

/* Begin PBXFrameworksBuildPhase section */
		FE67F43427304D73001631A2 /* Frameworks */ = {
			isa = PBXFrameworksBuildPhase;
			buildActionMask = 2147483647;
			files = (
			);
			runOnlyForDeploymentPostprocessing = 0;
		};
		FE67F44A27304D74001631A2 /* Frameworks */ = {
			isa = PBXFrameworksBuildPhase;
			buildActionMask = 2147483647;
			files = (
			);
			runOnlyForDeploymentPostprocessing = 0;
		};
		FE67F45427304D74001631A2 /* Frameworks */ = {
			isa = PBXFrameworksBuildPhase;
			buildActionMask = 2147483647;
			files = (
			);
			runOnlyForDeploymentPostprocessing = 0;
		};
/* End PBXFrameworksBuildPhase section */

/* Begin PBXGroup section */
		FE67F42E27304D73001631A2 = {
			isa = PBXGroup;
			children = (
				FE67F43927304D73001631A2 /* ehabHakami_Lab17 */,
				FE67F45027304D74001631A2 /* ehabHakami_Lab17Tests */,
				FE67F45A27304D74001631A2 /* ehabHakami_Lab17UITests */,
				FE67F43827304D73001631A2 /* Products */,
			);
			sourceTree = "<group>";
		};
		FE67F43827304D73001631A2 /* Products */ = {
			isa = PBXGroup;
			children = (
				FE67F43727304D73001631A2 /* ehabHakami_Lab17.app */,
				FE67F44D27304D74001631A2 /* ehabHakami_Lab17Tests.xctest */,
				FE67F45727304D74001631A2 /* ehabHakami_Lab17UITests.xctest */,
			);
			name = Products;
			sourceTree = "<group>";
		};
		FE67F43927304D73001631A2 /* ehabHakami_Lab17 */ = {
			isa = PBXGroup;
			children = (
				FE67F43A27304D73001631A2 /* AppDelegate.swift */,
				FE67F43C27304D73001631A2 /* SceneDelegate.swift */,
				FE67F43E27304D73001631A2 /* ViewController.swift */,
				FE67F44027304D73001631A2 /* Main.storyboard */,
				FE67F46A27304E41001631A2 /* ViewControllerTwo.swift */,
				FE67F44327304D74001631A2 /* Assets.xcassets */,
				FE67F44527304D74001631A2 /* LaunchScreen.storyboard */,
				FE67F44827304D74001631A2 /* Info.plist */,
			);
			path = ehabHakami_Lab17;
			sourceTree = "<group>";
		};
		FE67F45027304D74001631A2 /* ehabHakami_Lab17Tests */ = {
			isa = PBXGroup;
			children = (
				FE67F45127304D74001631A2 /* ehabHakami_Lab17Tests.swift */,
			);
			path = ehabHakami_Lab17Tests;
			sourceTree = "<group>";
		};
		FE67F45A27304D74001631A2 /* ehabHakami_Lab17UITests */ = {
			isa = PBXGroup;
			children = (
				FE67F45B27304D74001631A2 /* ehabHakami_Lab17UITests.swift */,
				FE67F45D27304D74001631A2 /* ehabHakami_Lab17UITestsLaunchTests.swift */,
			);
			path = ehabHakami_Lab17UITests;
			sourceTree = "<group>";
		};
/* End PBXGroup section */

/* Begin PBXNativeTarget section */
		FE67F43627304D73001631A2 /* ehabHakami_Lab17 */ = {
			isa = PBXNativeTarget;
			buildConfigurationList = FE67F46127304D74001631A2 /* Build configuration list for PBXNativeTarget "ehabHakami_Lab17" */;
			buildPhases = (
				FE67F43327304D73001631A2 /* Sources */,
				FE67F43427304D73001631A2 /* Frameworks */,
				FE67F43527304D73001631A2 /* Resources */,
			);
			buildRules = (
			);
			dependencies = (
			);
			name = ehabHakami_Lab17;
			productName = ehabHakami_Lab17;
			productReference = FE67F43727304D73001631A2 /* ehabHakami_Lab17.app */;
			productType = "com.apple.product-type.application";
		};
		FE67F44C27304D74001631A2 /* ehabHakami_Lab17Tests */ = {
			isa = PBXNativeTarget;
			buildConfigurationList = FE67F46427304D74001631A2 /* Build configuration list for PBXNativeTarget "ehabHakami_Lab17Tests" */;
			buildPhases = (
				FE67F44927304D74001631A2 /* Sources */,
				FE67F44A27304D74001631A2 /* Frameworks */,
				FE67F44B27304D74001631A2 /* Resources */,
			);
			buildRules = (
			);
			dependencies = (
				FE67F44F27304D74001631A2 /* PBXTargetDependency */,
			);
			name = ehabHakami_Lab17Tests;
			productName = ehabHakami_Lab17Tests;
			productReference = FE67F44D27304D74001631A2 /* ehabHakami_Lab17Tests.xctest */;
			productType = "com.apple.product-type.bundle.unit-test";
		};
		FE67F45627304D74001631A2 /* ehabHakami_Lab17UITests */ = {
			isa = PBXNativeTarget;
			buildConfigurationList = FE67F46727304D74001631A2 /* Build configuration list for PBXNativeTarget "ehabHakami_Lab17UITests" */;
			buildPhases = (
				FE67F45327304D74001631A2 /* Sources */,
				FE67F45427304D74001631A2 /* Frameworks */,
				FE67F45527304D74001631A2 /* Resources */,
			);
			buildRules = (
			);
			dependencies = (
				FE67F45927304D74001631A2 /* PBXTargetDependency */,
			);
			name = ehabHakami_Lab17UITests;
			productName = ehabHakami_Lab17UITests;
			productReference = FE67F45727304D74001631A2 /* ehabHakami_Lab17UITests.xctest */;
			productType = "com.apple.product-type.bundle.ui-testing";
		};
/* End PBXNativeTarget section */

/* Begin PBXProject section */
		FE67F42F27304D73001631A2 /* Project object */ = {
			isa = PBXProject;
			attributes = {
				BuildIndependentTargetsInParallel = 1;
				LastSwiftUpdateCheck = 1300;
				LastUpgradeCheck = 1300;
				TargetAttributes = {
					FE67F43627304D73001631A2 = {
						CreatedOnToolsVersion = 13.0;
					};
					FE67F44C27304D74001631A2 = {
						CreatedOnToolsVersion = 13.0;
						TestTargetID = FE67F43627304D73001631A2;
					};
					FE67F45627304D74001631A2 = {
						CreatedOnToolsVersion = 13.0;
						TestTargetID = FE67F43627304D73001631A2;
					};
				};
			};
			buildConfigurationList = FE67F43227304D73001631A2 /* Build configuration list for PBXProject "ehabHakami_Lab17" */;
			compatibilityVersion = "Xcode 13.0";
			developmentRegion = en;
			hasScannedForEncodings = 0;
			knownRegions = (
				en,
				Base,
			);
			mainGroup = FE67F42E27304D73001631A2;
			productRefGroup = FE67F43827304D73001631A2 /* Products */;
			projectDirPath = "";
			projectRoot = "";
			targets = (
				FE67F43627304D73001631A2 /* ehabHakami_Lab17 */,
				FE67F44C27304D74001631A2 /* ehabHakami_Lab17Tests */,
				FE67F45627304D74001631A2 /* ehabHakami_Lab17UITests */,
			);
		};
/* End PBXProject section */

/* Begin PBXResourcesBuildPhase section */
		FE67F43527304D73001631A2 /* Resources */ = {
			isa = PBXResourcesBuildPhase;
			buildActionMask = 2147483647;
			files = (
				FE67F44727304D74001631A2 /* LaunchScreen.storyboard in Resources */,
				FE67F44427304D74001631A2 /* Assets.xcassets in Resources */,
				FE67F44227304D73001631A2 /* Main.storyboard in Resources */,
			);
			runOnlyForDeploymentPostprocessing = 0;
		};
		FE67F44B27304D74001631A2 /* Resources */ = {
			isa = PBXResourcesBuildPhase;
			buildActionMask = 2147483647;
			files = (
			);
			runOnlyForDeploymentPostprocessing = 0;
		};
		FE67F45527304D74001631A2 /* Resources */ = {
			isa = PBXResourcesBuildPhase;
			buildActionMask = 2147483647;
			files = (
			);
			runOnlyForDeploymentPostprocessing = 0;
		};
/* End PBXResourcesBuildPhase section */

/* Begin PBXSourcesBuildPhase section */
		FE67F43327304D73001631A2 /* Sources */ = {
			isa = PBXSourcesBuildPhase;
			buildActionMask = 2147483647;
			files = (
				FE67F43F27304D73001631A2 /* ViewController.swift in Sources */,
				FE67F43B27304D73001631A2 /* AppDelegate.swift in Sources */,
				FE67F43D27304D73001631A2 /* SceneDelegate.swift in Sources */,
				FE67F46B27304E41001631A2 /* ViewControllerTwo.swift in Sources */,
			);
			runOnlyForDeploymentPostprocessing = 0;
		};
		FE67F44927304D74001631A2 /* Sources */ = {
			isa = PBXSourcesBuildPhase;
			buildActionMask = 2147483647;
			files = (
				FE67F45227304D74001631A2 /* ehabHakami_Lab17Tests.swift in Sources */,
			);
			runOnlyForDeploymentPostprocessing = 0;
		};
		FE67F45327304D74001631A2 /* Sources */ = {
			isa = PBXSourcesBuildPhase;
			buildActionMask = 2147483647;
			files = (
				FE67F45C27304D74001631A2 /* ehabHakami_Lab17UITests.swift in Sources */,
				FE67F45E27304D74001631A2 /* ehabHakami_Lab17UITestsLaunchTests.swift in Sources */,
			);
			runOnlyForDeploymentPostprocessing = 0;
		};
/* End PBXSourcesBuildPhase section */

/* Begin PBXTargetDependency section */
		FE67F44F27304D74001631A2 /* PBXTargetDependency */ = {
			isa = PBXTargetDependency;
			target = FE67F43627304D73001631A2 /* ehabHakami_Lab17 */;
			targetProxy = FE67F44E27304D74001631A2 /* PBXContainerItemProxy */;
		};
		FE67F45927304D74001631A2 /* PBXTargetDependency */ = {
			isa = PBXTargetDependency;
			target = FE67F43627304D73001631A2 /* ehabHakami_Lab17 */;
			targetProxy = FE67F45827304D74001631A2 /* PBXContainerItemProxy */;
		};
/* End PBXTargetDependency section */

/* Begin PBXVariantGroup section */
		FE67F44027304D73001631A2 /* Main.storyboard */ = {
			isa = PBXVariantGroup;
			children = (
				FE67F44127304D73001631A2 /* Base */,
			);
			name = Main.storyboard;
			sourceTree = "<group>";
		};
		FE67F44527304D74001631A2 /* LaunchScreen.storyboard */ = {
			isa = PBXVariantGroup;
			children = (
				FE67F44627304D74001631A2 /* Base */,
			);
			name = LaunchScreen.storyboard;
			sourceTree = "<group>";
		};
/* End PBXVariantGroup section */

/* Begin XCBuildConfiguration section */
		FE67F45F27304D74001631A2 /* Debug */ = {
			isa = XCBuildConfiguration;
			buildSettings = {
				ALWAYS_SEARCH_USER_PATHS = NO;
				CLANG_ANALYZER_NONNULL = YES;
				CLANG_ANALYZER_NUMBER_OBJECT_CONVERSION = YES_AGGRESSIVE;
				CLANG_CXX_LANGUAGE_STANDARD = "gnu++17";
				CLANG_CXX_LIBRARY = "libc++";
				CLANG_ENABLE_MODULES = YES;
				CLANG_ENABLE_OBJC_ARC = YES;
				CLANG_ENABLE_OBJC_WEAK = YES;
				CLANG_WARN_BLOCK_CAPTURE_AUTORELEASING = YES;
				CLANG_WARN_BOOL_CONVERSION = YES;
				CLANG_WARN_COMMA = YES;
				CLANG_WARN_CONSTANT_CONVERSION = YES;
				CLANG_WARN_DEPRECATED_OBJC_IMPLEMENTATIONS = YES;
				CLANG_WARN_DIRECT_OBJC_ISA_USAGE = YES_ERROR;
				CLANG_WARN_DOCUMENTATION_COMMENTS = YES;
				CLANG_WARN_EMPTY_BODY = YES;
				CLANG_WARN_ENUM_CONVERSION = YES;
				CLANG_WARN_INFINITE_RECURSION = YES;
				CLANG_WARN_INT_CONVERSION = YES;
				CLANG_WARN_NON_LITERAL_NULL_CONVERSION = YES;
				CLANG_WARN_OBJC_IMPLICIT_RETAIN_SELF = YES;
				CLANG_WARN_OBJC_LITERAL_CONVERSION = YES;
				CLANG_WARN_OBJC_ROOT_CLASS = YES_ERROR;
				CLANG_WARN_QUOTED_INCLUDE_IN_FRAMEWORK_HEADER = YES;
				CLANG_WARN_RANGE_LOOP_ANALYSIS = YES;
				CLANG_WARN_STRICT_PROTOTYPES = YES;
				CLANG_WARN_SUSPICIOUS_MOVE = YES;
				CLANG_WARN_UNGUARDED_AVAILABILITY = YES_AGGRESSIVE;
				CLANG_WARN_UNREACHABLE_CODE = YES;
				CLANG_WARN__DUPLICATE_METHOD_MATCH = YES;
				COPY_PHASE_STRIP = NO;
				DEBUG_INFORMATION_FORMAT = dwarf;
				ENABLE_STRICT_OBJC_MSGSEND = YES;
				ENABLE_TESTABILITY = YES;
				GCC_C_LANGUAGE_STANDARD = gnu11;
				GCC_DYNAMIC_NO_PIC = NO;
				GCC_NO_COMMON_BLOCKS = YES;
				GCC_OPTIMIZATION_LEVEL = 0;
				GCC_PREPROCESSOR_DEFINITIONS = (
					"DEBUG=1",
					"$(inherited)",
				);
				GCC_WARN_64_TO_32_BIT_CONVERSION = YES;
				GCC_WARN_ABOUT_RETURN_TYPE = YES_ERROR;
				GCC_WARN_UNDECLARED_SELECTOR = YES;
				GCC_WARN_UNINITIALIZED_AUTOS = YES_AGGRESSIVE;
				GCC_WARN_UNUSED_FUNCTION = YES;
				GCC_WARN_UNUSED_VARIABLE = YES;
				IPHONEOS_DEPLOYMENT_TARGET = 15.0;
				MTL_ENABLE_DEBUG_INFO = INCLUDE_SOURCE;
				MTL_FAST_MATH = YES;
				ONLY_ACTIVE_ARCH = YES;
				SDKROOT = iphoneos;
				SWIFT_ACTIVE_COMPILATION_CONDITIONS = DEBUG;
				SWIFT_OPTIMIZATION_LEVEL = "-Onone";
			};
			name = Debug;
		};
		FE67F46027304D74001631A2 /* Release */ = {
			isa = XCBuildConfiguration;
			buildSettings = {
				ALWAYS_SEARCH_USER_PATHS = NO;
				CLANG_ANALYZER_NONNULL = YES;
				CLANG_ANALYZER_NUMBER_OBJECT_CONVERSION = YES_AGGRESSIVE;
				CLANG_CXX_LANGUAGE_STANDARD = "gnu++17";
				CLANG_CXX_LIBRARY = "libc++";
				CLANG_ENABLE_MODULES = YES;
				CLANG_ENABLE_OBJC_ARC = YES;
				CLANG_ENABLE_OBJC_WEAK = YES;
				CLANG_WARN_BLOCK_CAPTURE_AUTORELEASING = YES;
				CLANG_WARN_BOOL_CONVERSION = YES;
				CLANG_WARN_COMMA = YES;
				CLANG_WARN_CONSTANT_CONVERSION = YES;
				CLANG_WARN_DEPRECATED_OBJC_IMPLEMENTATIONS = YES;
				CLANG_WARN_DIRECT_OBJC_ISA_USAGE = YES_ERROR;
				CLANG_WARN_DOCUMENTATION_COMMENTS = YES;
				CLANG_WARN_EMPTY_BODY = YES;
				CLANG_WARN_ENUM_CONVERSION = YES;
				CLANG_WARN_INFINITE_RECURSION = YES;
				CLANG_WARN_INT_CONVERSION = YES;
				CLANG_WARN_NON_LITERAL_NULL_CONVERSION = YES;
				CLANG_WARN_OBJC_IMPLICIT_RETAIN_SELF = YES;
				CLANG_WARN_OBJC_LITERAL_CONVERSION = YES;
				CLANG_WARN_OBJC_ROOT_CLASS = YES_ERROR;
				CLANG_WARN_QUOTED_INCLUDE_IN_FRAMEWORK_HEADER = YES;
				CLANG_WARN_RANGE_LOOP_ANALYSIS = YES;
				CLANG_WARN_STRICT_PROTOTYPES = YES;
				CLANG_WARN_SUSPICIOUS_MOVE = YES;
				CLANG_WARN_UNGUARDED_AVAILABILITY = YES_AGGRESSIVE;
				CLANG_WARN_UNREACHABLE_CODE = YES;
				CLANG_WARN__DUPLICATE_METHOD_MATCH = YES;
				COPY_PHASE_STRIP = NO;
				DEBUG_INFORMATION_FORMAT = "dwarf-with-dsym";
				ENABLE_NS_ASSERTIONS = NO;
				ENABLE_STRICT_OBJC_MSGSEND = YES;
				GCC_C_LANGUAGE_STANDARD = gnu11;
				GCC_NO_COMMON_BLOCKS = YES;
				GCC_WARN_64_TO_32_BIT_CONVERSION = YES;
				GCC_WARN_ABOUT_RETURN_TYPE = YES_ERROR;
				GCC_WARN_UNDECLARED_SELECTOR = YES;
				GCC_WARN_UNINITIALIZED_AUTOS = YES_AGGRESSIVE;
				GCC_WARN_UNUSED_FUNCTION = YES;
				GCC_WARN_UNUSED_VARIABLE = YES;
				IPHONEOS_DEPLOYMENT_TARGET = 15.0;
				MTL_ENABLE_DEBUG_INFO = NO;
				MTL_FAST_MATH = YES;
				SDKROOT = iphoneos;
				SWIFT_COMPILATION_MODE = wholemodule;
				SWIFT_OPTIMIZATION_LEVEL = "-O";
				VALIDATE_PRODUCT = YES;
			};
			name = Release;
		};
		FE67F46227304D74001631A2 /* Debug */ = {
			isa = XCBuildConfiguration;
			buildSettings = {
				ASSETCATALOG_COMPILER_APPICON_NAME = AppIcon;
				ASSETCATALOG_COMPILER_GLOBAL_ACCENT_COLOR_NAME = AccentColor;
				CODE_SIGN_STYLE = Automatic;
				CURRENT_PROJECT_VERSION = 1;
				DEVELOPMENT_TEAM = TCXRP68ZL4;
				GENERATE_INFOPLIST_FILE = YES;
				INFOPLIST_FILE = ehabHakami_Lab17/Info.plist;
				INFOPLIST_KEY_UIApplicationSupportsIndirectInputEvents = YES;
				INFOPLIST_KEY_UILaunchStoryboardName = LaunchScreen;
				INFOPLIST_KEY_UIMainStoryboardFile = Main;
				INFOPLIST_KEY_UISupportedInterfaceOrientations_iPad = "UIInterfaceOrientationPortrait UIInterfaceOrientationPortraitUpsideDown UIInterfaceOrientationLandscapeLeft UIInterfaceOrientationLandscapeRight";
				INFOPLIST_KEY_UISupportedInterfaceOrientations_iPhone = "UIInterfaceOrientationPortrait UIInterfaceOrientationLandscapeLeft UIInterfaceOrientationLandscapeRight";
				LD_RUNPATH_SEARCH_PATHS = (
					"$(inherited)",
					"@executable_path/Frameworks",
				);
				MARKETING_VERSION = 1.0;
				PRODUCT_BUNDLE_IDENTIFIER = "com.E7k.ehabHakami-Lab17";
				PRODUCT_NAME = "$(TARGET_NAME)";
				SWIFT_EMIT_LOC_STRINGS = YES;
				SWIFT_VERSION = 5.0;
				TARGETED_DEVICE_FAMILY = "1,2";
			};
			name = Debug;
		};
		FE67F46327304D74001631A2 /* Release */ = {
			isa = XCBuildConfiguration;
			buildSettings = {
				ASSETCATALOG_COMPILER_APPICON_NAME = AppIcon;
				ASSETCATALOG_COMPILER_GLOBAL_ACCENT_COLOR_NAME = AccentColor;
				CODE_SIGN_STYLE = Automatic;
				CURRENT_PROJECT_VERSION = 1;
				DEVELOPMENT_TEAM = TCXRP68ZL4;
				GENERATE_INFOPLIST_FILE = YES;
				INFOPLIST_FILE = ehabHakami_Lab17/Info.plist;
				INFOPLIST_KEY_UIApplicationSupportsIndirectInputEvents = YES;
				INFOPLIST_KEY_UILaunchStoryboardName = LaunchScreen;
				INFOPLIST_KEY_UIMainStoryboardFile = Main;
				INFOPLIST_KEY_UISupportedInterfaceOrientations_iPad = "UIInterfaceOrientationPortrait UIInterfaceOrientationPortraitUpsideDown UIInterfaceOrientationLandscapeLeft UIInterfaceOrientationLandscapeRight";
				INFOPLIST_KEY_UISupportedInterfaceOrientations_iPhone = "UIInterfaceOrientationPortrait UIInterfaceOrientationLandscapeLeft UIInterfaceOrientationLandscapeRight";
				LD_RUNPATH_SEARCH_PATHS = (
					"$(inherited)",
					"@executable_path/Frameworks",
				);
				MARKETING_VERSION = 1.0;
				PRODUCT_BUNDLE_IDENTIFIER = "com.E7k.ehabHakami-Lab17";
				PRODUCT_NAME = "$(TARGET_NAME)";
				SWIFT_EMIT_LOC_STRINGS = YES;
				SWIFT_VERSION = 5.0;
				TARGETED_DEVICE_FAMILY = "1,2";
			};
			name = Release;
		};
		FE67F46527304D74001631A2 /* Debug */ = {
			isa = XCBuildConfiguration;
			buildSettings = {
				ALWAYS_EMBED_SWIFT_STANDARD_LIBRARIES = YES;
				BUNDLE_LOADER = "$(TEST_HOST)";
				CODE_SIGN_STYLE = Automatic;
				CURRENT_PROJECT_VERSION = 1;
				DEVELOPMENT_TEAM = TCXRP68ZL4;
				GENERATE_INFOPLIST_FILE = YES;
				IPHONEOS_DEPLOYMENT_TARGET = 15.0;
				LD_RUNPATH_SEARCH_PATHS = (
					"$(inherited)",
					"@executable_path/Frameworks",
					"@loader_path/Frameworks",
				);
				MARKETING_VERSION = 1.0;
				PRODUCT_BUNDLE_IDENTIFIER = "com.E7k.ehabHakami-Lab17Tests";
				PRODUCT_NAME = "$(TARGET_NAME)";
				SWIFT_EMIT_LOC_STRINGS = NO;
				SWIFT_VERSION = 5.0;
				TARGETED_DEVICE_FAMILY = "1,2";
				TEST_HOST = "$(BUILT_PRODUCTS_DIR)/ehabHakami_Lab17.app/ehabHakami_Lab17";
			};
			name = Debug;
		};
		FE67F46627304D74001631A2 /* Release */ = {
			isa = XCBuildConfiguration;
			buildSettings = {
				ALWAYS_EMBED_SWIFT_STANDARD_LIBRARIES = YES;
				BUNDLE_LOADER = "$(TEST_HOST)";
				CODE_SIGN_STYLE = Automatic;
				CURRENT_PROJECT_VERSION = 1;
				DEVELOPMENT_TEAM = TCXRP68ZL4;
				GENERATE_INFOPLIST_FILE = YES;
				IPHONEOS_DEPLOYMENT_TARGET = 15.0;
				LD_RUNPATH_SEARCH_PATHS = (
					"$(inherited)",
					"@executable_path/Frameworks",
					"@loader_path/Frameworks",
				);
				MARKETING_VERSION = 1.0;
				PRODUCT_BUNDLE_IDENTIFIER = "com.E7k.ehabHakami-Lab17Tests";
				PRODUCT_NAME = "$(TARGET_NAME)";
				SWIFT_EMIT_LOC_STRINGS = NO;
				SWIFT_VERSION = 5.0;
				TARGETED_DEVICE_FAMILY = "1,2";
				TEST_HOST = "$(BUILT_PRODUCTS_DIR)/ehabHakami_Lab17.app/ehabHakami_Lab17";
			};
			name = Release;
		};
		FE67F46827304D74001631A2 /* Debug */ = {
			isa = XCBuildConfiguration;
			buildSettings = {
				ALWAYS_EMBED_SWIFT_STANDARD_LIBRARIES = YES;
				CODE_SIGN_STYLE = Automatic;
				CURRENT_PROJECT_VERSION = 1;
				DEVELOPMENT_TEAM = TCXRP68ZL4;
				GENERATE_INFOPLIST_FILE = YES;
				LD_RUNPATH_SEARCH_PATHS = (
					"$(inherited)",
					"@executable_path/Frameworks",
					"@loader_path/Frameworks",
				);
				MARKETING_VERSION = 1.0;
				PRODUCT_BUNDLE_IDENTIFIER = "com.E7k.ehabHakami-Lab17UITests";
				PRODUCT_NAME = "$(TARGET_NAME)";
				SWIFT_EMIT_LOC_STRINGS = NO;
				SWIFT_VERSION = 5.0;
				TARGETED_DEVICE_FAMILY = "1,2";
				TEST_TARGET_NAME = ehabHakami_Lab17;
			};
			name = Debug;
		};
		FE67F46927304D74001631A2 /* Release */ = {
			isa = XCBuildConfiguration;
			buildSettings = {
				ALWAYS_EMBED_SWIFT_STANDARD_LIBRARIES = YES;
				CODE_SIGN_STYLE = Automatic;
				CURRENT_PROJECT_VERSION = 1;
				DEVELOPMENT_TEAM = TCXRP68ZL4;
				GENERATE_INFOPLIST_FILE = YES;
				LD_RUNPATH_SEARCH_PATHS = (
					"$(inherited)",
					"@executable_path/Frameworks",
					"@loader_path/Frameworks",
				);
				MARKETING_VERSION = 1.0;
				PRODUCT_BUNDLE_IDENTIFIER = "com.E7k.ehabHakami-Lab17UITests";
				PRODUCT_NAME = "$(TARGET_NAME)";
				SWIFT_EMIT_LOC_STRINGS = NO;
				SWIFT_VERSION = 5.0;
				TARGETED_DEVICE_FAMILY = "1,2";
				TEST_TARGET_NAME = ehabHakami_Lab17;
			};
			name = Release;
		};
/* End XCBuildConfiguration section */

/* Begin XCConfigurationList section */
		FE67F43227304D73001631A2 /* Build configuration list for PBXProject "ehabHakami_Lab17" */ = {
			isa = XCConfigurationList;
			buildConfigurations = (
				FE67F45F27304D74001631A2 /* Debug */,
				FE67F46027304D74001631A2 /* Release */,
			);
			defaultConfigurationIsVisible = 0;
			defaultConfigurationName = Release;
		};
		FE67F46127304D74001631A2 /* Build configuration list for PBXNativeTarget "ehabHakami_Lab17" */ = {
			isa = XCConfigurationList;
			buildConfigurations = (
				FE67F46227304D74001631A2 /* Debug */,
				FE67F46327304D74001631A2 /* Release */,
			);
			defaultConfigurationIsVisible = 0;
			defaultConfigurationName = Release;
		};
		FE67F46427304D74001631A2 /* Build configuration list for PBXNativeTarget "ehabHakami_Lab17Tests" */ = {
			isa = XCConfigurationList;
			buildConfigurations = (
				FE67F46527304D74001631A2 /* Debug */,
				FE67F46627304D74001631A2 /* Release */,
			);
			defaultConfigurationIsVisible = 0;
			defaultConfigurationName = Release;
		};
		FE67F46727304D74001631A2 /* Build configuration list for PBXNativeTarget "ehabHakami_Lab17UITests" */ = {
			isa = XCConfigurationList;
			buildConfigurations = (
				FE67F46827304D74001631A2 /* Debug */,
				FE67F46927304D74001631A2 /* Release */,
			);
			defaultConfigurationIsVisible = 0;
			defaultConfigurationName = Release;
		};
/* End XCConfigurationList section */
	};
	rootObject = FE67F42F27304D73001631A2 /* Project object */;
}
