// !$*UTF8*$!
{
	archiveVersion = 1;
	classes = {
	};
	objectVersion = 55;
	objects = {

/* Begin PBXBuildFile section */
		950F7F7027300BA800B400E1 /* AppDelegate.swift in Sources */ = {isa = PBXBuildFile; fileRef = 950F7F6F27300BA800B400E1 /* AppDelegate.swift */; };
		950F7F7227300BA800B400E1 /* SceneDelegate.swift in Sources */ = {isa = PBXBuildFile; fileRef = 950F7F7127300BA800B400E1 /* SceneDelegate.swift */; };
		950F7F7427300BA800B400E1 /* ViewController.swift in Sources */ = {isa = PBXBuildFile; fileRef = 950F7F7327300BA800B400E1 /* ViewController.swift */; };
		950F7F7727300BA800B400E1 /* Main.storyboard in Resources */ = {isa = PBXBuildFile; fileRef = 950F7F7527300BA800B400E1 /* Main.storyboard */; };
		950F7F7927300BAA00B400E1 /* Assets.xcassets in Resources */ = {isa = PBXBuildFile; fileRef = 950F7F7827300BAA00B400E1 /* Assets.xcassets */; };
		950F7F7C27300BAA00B400E1 /* LaunchScreen.storyboard in Resources */ = {isa = PBXBuildFile; fileRef = 950F7F7A27300BAA00B400E1 /* LaunchScreen.storyboard */; };
		950F7F8727300BAA00B400E1 /* jawaher___Tests.swift in Sources */ = {isa = PBXBuildFile; fileRef = 950F7F8627300BAA00B400E1 /* jawaher___Tests.swift */; };
		950F7F9127300BAA00B400E1 /* jawaher___UITests.swift in Sources */ = {isa = PBXBuildFile; fileRef = 950F7F9027300BAA00B400E1 /* jawaher___UITests.swift */; };
		950F7F9327300BAA00B400E1 /* jawaher___UITestsLaunchTests.swift in Sources */ = {isa = PBXBuildFile; fileRef = 950F7F9227300BAA00B400E1 /* jawaher___UITestsLaunchTests.swift */; };
		950F7FA027300C3E00B400E1 /* ViewControllerTwo.swift in Sources */ = {isa = PBXBuildFile; fileRef = 950F7F9F27300C3E00B400E1 /* ViewControllerTwo.swift */; };
/* End PBXBuildFile section */

/* Begin PBXContainerItemProxy section */
		950F7F8327300BAA00B400E1 /* PBXContainerItemProxy */ = {
			isa = PBXContainerItemProxy;
			containerPortal = 950F7F6427300BA800B400E1 /* Project object */;
			proxyType = 1;
			remoteGlobalIDString = 950F7F6B27300BA800B400E1;
			remoteInfo = jawaher...;
		};
		950F7F8D27300BAA00B400E1 /* PBXContainerItemProxy */ = {
			isa = PBXContainerItemProxy;
			containerPortal = 950F7F6427300BA800B400E1 /* Project object */;
			proxyType = 1;
			remoteGlobalIDString = 950F7F6B27300BA800B400E1;
			remoteInfo = jawaher...;
		};
/* End PBXContainerItemProxy section */

/* Begin PBXFileReference section */
		950F7F6C27300BA800B400E1 /* jawaher....app */ = {isa = PBXFileReference; explicitFileType = wrapper.application; includeInIndex = 0; path = jawaher....app; sourceTree = BUILT_PRODUCTS_DIR; };
		950F7F6F27300BA800B400E1 /* AppDelegate.swift */ = {isa = PBXFileReference; lastKnownFileType = sourcecode.swift; path = AppDelegate.swift; sourceTree = "<group>"; };
		950F7F7127300BA800B400E1 /* SceneDelegate.swift */ = {isa = PBXFileReference; lastKnownFileType = sourcecode.swift; path = SceneDelegate.swift; sourceTree = "<group>"; };
		950F7F7327300BA800B400E1 /* ViewController.swift */ = {isa = PBXFileReference; lastKnownFileType = sourcecode.swift; path = ViewController.swift; sourceTree = "<group>"; };
		950F7F7627300BA800B400E1 /* Base */ = {isa = PBXFileReference; lastKnownFileType = file.storyboard; name = Base; path = Base.lproj/Main.storyboard; sourceTree = "<group>"; };
		950F7F7827300BAA00B400E1 /* Assets.xcassets */ = {isa = PBXFileReference; lastKnownFileType = folder.assetcatalog; path = Assets.xcassets; sourceTree = "<group>"; };
		950F7F7B27300BAA00B400E1 /* Base */ = {isa = PBXFileReference; lastKnownFileType = file.storyboard; name = Base; path = Base.lproj/LaunchScreen.storyboard; sourceTree = "<group>"; };
		950F7F7D27300BAA00B400E1 /* Info.plist */ = {isa = PBXFileReference; lastKnownFileType = text.plist.xml; path = Info.plist; sourceTree = "<group>"; };
		950F7F8227300BAA00B400E1 /* jawaher...Tests.xctest */ = {isa = PBXFileReference; explicitFileType = wrapper.cfbundle; includeInIndex = 0; path = jawaher...Tests.xctest; sourceTree = BUILT_PRODUCTS_DIR; };
		950F7F8627300BAA00B400E1 /* jawaher___Tests.swift */ = {isa = PBXFileReference; lastKnownFileType = sourcecode.swift; path = "jawaher___Tests.swift"; sourceTree = "<group>"; };
		950F7F8C27300BAA00B400E1 /* jawaher...UITests.xctest */ = {isa = PBXFileReference; explicitFileType = wrapper.cfbundle; includeInIndex = 0; path = jawaher...UITests.xctest; sourceTree = BUILT_PRODUCTS_DIR; };
		950F7F9027300BAA00B400E1 /* jawaher___UITests.swift */ = {isa = PBXFileReference; lastKnownFileType = sourcecode.swift; path = "jawaher___UITests.swift"; sourceTree = "<group>"; };
		950F7F9227300BAA00B400E1 /* jawaher___UITestsLaunchTests.swift */ = {isa = PBXFileReference; lastKnownFileType = sourcecode.swift; path = "jawaher___UITestsLaunchTests.swift"; sourceTree = "<group>"; };
		950F7F9F27300C3E00B400E1 /* ViewControllerTwo.swift */ = {isa = PBXFileReference; lastKnownFileType = sourcecode.swift; path = ViewControllerTwo.swift; sourceTree = "<group>"; };
/* End PBXFileReference section */

/* Begin PBXFrameworksBuildPhase section */
		950F7F6927300BA800B400E1 /* Frameworks */ = {
			isa = PBXFrameworksBuildPhase;
			buildActionMask = 2147483647;
			files = (
			);
			runOnlyForDeploymentPostprocessing = 0;
		};
		950F7F7F27300BAA00B400E1 /* Frameworks */ = {
			isa = PBXFrameworksBuildPhase;
			buildActionMask = 2147483647;
			files = (
			);
			runOnlyForDeploymentPostprocessing = 0;
		};
		950F7F8927300BAA00B400E1 /* Frameworks */ = {
			isa = PBXFrameworksBuildPhase;
			buildActionMask = 2147483647;
			files = (
			);
			runOnlyForDeploymentPostprocessing = 0;
		};
/* End PBXFrameworksBuildPhase section */

/* Begin PBXGroup section */
		950F7F6327300BA800B400E1 = {
			isa = PBXGroup;
			children = (
				950F7F6E27300BA800B400E1 /* jawaher... */,
				950F7F8527300BAA00B400E1 /* jawaher...Tests */,
				950F7F8F27300BAA00B400E1 /* jawaher...UITests */,
				950F7F6D27300BA800B400E1 /* Products */,
			);
			sourceTree = "<group>";
		};
		950F7F6D27300BA800B400E1 /* Products */ = {
			isa = PBXGroup;
			children = (
				950F7F6C27300BA800B400E1 /* jawaher....app */,
				950F7F8227300BAA00B400E1 /* jawaher...Tests.xctest */,
				950F7F8C27300BAA00B400E1 /* jawaher...UITests.xctest */,
			);
			name = Products;
			sourceTree = "<group>";
		};
		950F7F6E27300BA800B400E1 /* jawaher... */ = {
			isa = PBXGroup;
			children = (
				950F7F6F27300BA800B400E1 /* AppDelegate.swift */,
				950F7F7127300BA800B400E1 /* SceneDelegate.swift */,
				950F7F7327300BA800B400E1 /* ViewController.swift */,
				950F7F7527300BA800B400E1 /* Main.storyboard */,
				950F7F9F27300C3E00B400E1 /* ViewControllerTwo.swift */,
				950F7F7827300BAA00B400E1 /* Assets.xcassets */,
				950F7F7A27300BAA00B400E1 /* LaunchScreen.storyboard */,
				950F7F7D27300BAA00B400E1 /* Info.plist */,
			);
			path = jawaher...;
			sourceTree = "<group>";
		};
		950F7F8527300BAA00B400E1 /* jawaher...Tests */ = {
			isa = PBXGroup;
			children = (
				950F7F8627300BAA00B400E1 /* jawaher___Tests.swift */,
			);
			path = jawaher...Tests;
			sourceTree = "<group>";
		};
		950F7F8F27300BAA00B400E1 /* jawaher...UITests */ = {
			isa = PBXGroup;
			children = (
				950F7F9027300BAA00B400E1 /* jawaher___UITests.swift */,
				950F7F9227300BAA00B400E1 /* jawaher___UITestsLaunchTests.swift */,
			);
			path = jawaher...UITests;
			sourceTree = "<group>";
		};
/* End PBXGroup section */

/* Begin PBXNativeTarget section */
		950F7F6B27300BA800B400E1 /* jawaher... */ = {
			isa = PBXNativeTarget;
			buildConfigurationList = 950F7F9627300BAA00B400E1 /* Build configuration list for PBXNativeTarget "jawaher..." */;
			buildPhases = (
				950F7F6827300BA800B400E1 /* Sources */,
				950F7F6927300BA800B400E1 /* Frameworks */,
				950F7F6A27300BA800B400E1 /* Resources */,
			);
			buildRules = (
			);
			dependencies = (
			);
			name = jawaher...;
			productName = jawaher...;
			productReference = 950F7F6C27300BA800B400E1 /* jawaher....app */;
			productType = "com.apple.product-type.application";
		};
		950F7F8127300BAA00B400E1 /* jawaher...Tests */ = {
			isa = PBXNativeTarget;
			buildConfigurationList = 950F7F9927300BAA00B400E1 /* Build configuration list for PBXNativeTarget "jawaher...Tests" */;
			buildPhases = (
				950F7F7E27300BAA00B400E1 /* Sources */,
				950F7F7F27300BAA00B400E1 /* Frameworks */,
				950F7F8027300BAA00B400E1 /* Resources */,
			);
			buildRules = (
			);
			dependencies = (
				950F7F8427300BAA00B400E1 /* PBXTargetDependency */,
			);
			name = jawaher...Tests;
			productName = jawaher...Tests;
			productReference = 950F7F8227300BAA00B400E1 /* jawaher...Tests.xctest */;
			productType = "com.apple.product-type.bundle.unit-test";
		};
		950F7F8B27300BAA00B400E1 /* jawaher...UITests */ = {
			isa = PBXNativeTarget;
			buildConfigurationList = 950F7F9C27300BAA00B400E1 /* Build configuration list for PBXNativeTarget "jawaher...UITests" */;
			buildPhases = (
				950F7F8827300BAA00B400E1 /* Sources */,
				950F7F8927300BAA00B400E1 /* Frameworks */,
				950F7F8A27300BAA00B400E1 /* Resources */,
			);
			buildRules = (
			);
			dependencies = (
				950F7F8E27300BAA00B400E1 /* PBXTargetDependency */,
			);
			name = jawaher...UITests;
			productName = jawaher...UITests;
			productReference = 950F7F8C27300BAA00B400E1 /* jawaher...UITests.xctest */;
			productType = "com.apple.product-type.bundle.ui-testing";
		};
/* End PBXNativeTarget section */

/* Begin PBXProject section */
		950F7F6427300BA800B400E1 /* Project object */ = {
			isa = PBXProject;
			attributes = {
				BuildIndependentTargetsInParallel = 1;
				LastSwiftUpdateCheck = 1310;
				LastUpgradeCheck = 1310;
				TargetAttributes = {
					950F7F6B27300BA800B400E1 = {
						CreatedOnToolsVersion = 13.1;
					};
					950F7F8127300BAA00B400E1 = {
						CreatedOnToolsVersion = 13.1;
						TestTargetID = 950F7F6B27300BA800B400E1;
					};
					950F7F8B27300BAA00B400E1 = {
						CreatedOnToolsVersion = 13.1;
						TestTargetID = 950F7F6B27300BA800B400E1;
					};
				};
			};
			buildConfigurationList = 950F7F6727300BA800B400E1 /* Build configuration list for PBXProject "jawaher..." */;
			compatibilityVersion = "Xcode 13.0";
			developmentRegion = en;
			hasScannedForEncodings = 0;
			knownRegions = (
				en,
				Base,
			);
			mainGroup = 950F7F6327300BA800B400E1;
			productRefGroup = 950F7F6D27300BA800B400E1 /* Products */;
			projectDirPath = "";
			projectRoot = "";
			targets = (
				950F7F6B27300BA800B400E1 /* jawaher... */,
				950F7F8127300BAA00B400E1 /* jawaher...Tests */,
				950F7F8B27300BAA00B400E1 /* jawaher...UITests */,
			);
		};
/* End PBXProject section */

/* Begin PBXResourcesBuildPhase section */
		950F7F6A27300BA800B400E1 /* Resources */ = {
			isa = PBXResourcesBuildPhase;
			buildActionMask = 2147483647;
			files = (
				950F7F7C27300BAA00B400E1 /* LaunchScreen.storyboard in Resources */,
				950F7F7927300BAA00B400E1 /* Assets.xcassets in Resources */,
				950F7F7727300BA800B400E1 /* Main.storyboard in Resources */,
			);
			runOnlyForDeploymentPostprocessing = 0;
		};
		950F7F8027300BAA00B400E1 /* Resources */ = {
			isa = PBXResourcesBuildPhase;
			buildActionMask = 2147483647;
			files = (
			);
			runOnlyForDeploymentPostprocessing = 0;
		};
		950F7F8A27300BAA00B400E1 /* Resources */ = {
			isa = PBXResourcesBuildPhase;
			buildActionMask = 2147483647;
			files = (
			);
			runOnlyForDeploymentPostprocessing = 0;
		};
/* End PBXResourcesBuildPhase section */

/* Begin PBXSourcesBuildPhase section */
		950F7F6827300BA800B400E1 /* Sources */ = {
			isa = PBXSourcesBuildPhase;
			buildActionMask = 2147483647;
			files = (
				950F7F7427300BA800B400E1 /* ViewController.swift in Sources */,
				950F7F7027300BA800B400E1 /* AppDelegate.swift in Sources */,
				950F7F7227300BA800B400E1 /* SceneDelegate.swift in Sources */,
				950F7FA027300C3E00B400E1 /* ViewControllerTwo.swift in Sources */,
			);
			runOnlyForDeploymentPostprocessing = 0;
		};
		950F7F7E27300BAA00B400E1 /* Sources */ = {
			isa = PBXSourcesBuildPhase;
			buildActionMask = 2147483647;
			files = (
				950F7F8727300BAA00B400E1 /* jawaher___Tests.swift in Sources */,
			);
			runOnlyForDeploymentPostprocessing = 0;
		};
		950F7F8827300BAA00B400E1 /* Sources */ = {
			isa = PBXSourcesBuildPhase;
			buildActionMask = 2147483647;
			files = (
				950F7F9127300BAA00B400E1 /* jawaher___UITests.swift in Sources */,
				950F7F9327300BAA00B400E1 /* jawaher___UITestsLaunchTests.swift in Sources */,
			);
			runOnlyForDeploymentPostprocessing = 0;
		};
/* End PBXSourcesBuildPhase section */

/* Begin PBXTargetDependency section */
		950F7F8427300BAA00B400E1 /* PBXTargetDependency */ = {
			isa = PBXTargetDependency;
			target = 950F7F6B27300BA800B400E1 /* jawaher... */;
			targetProxy = 950F7F8327300BAA00B400E1 /* PBXContainerItemProxy */;
		};
		950F7F8E27300BAA00B400E1 /* PBXTargetDependency */ = {
			isa = PBXTargetDependency;
			target = 950F7F6B27300BA800B400E1 /* jawaher... */;
			targetProxy = 950F7F8D27300BAA00B400E1 /* PBXContainerItemProxy */;
		};
/* End PBXTargetDependency section */

/* Begin PBXVariantGroup section */
		950F7F7527300BA800B400E1 /* Main.storyboard */ = {
			isa = PBXVariantGroup;
			children = (
				950F7F7627300BA800B400E1 /* Base */,
			);
			name = Main.storyboard;
			sourceTree = "<group>";
		};
		950F7F7A27300BAA00B400E1 /* LaunchScreen.storyboard */ = {
			isa = PBXVariantGroup;
			children = (
				950F7F7B27300BAA00B400E1 /* Base */,
			);
			name = LaunchScreen.storyboard;
			sourceTree = "<group>";
		};
/* End PBXVariantGroup section */

/* Begin XCBuildConfiguration section */
		950F7F9427300BAA00B400E1 /* Debug */ = {
			isa = XCBuildConfiguration;
			buildSettings = {
				ALWAYS_SEARCH_USER_PATHS = NO;
				CLANG_ANALYZER_NONNULL = YES;
				CLANG_ANALYZER_NUMBER_OBJECT_CONVERSION = YES_AGGRESSIVE;
				CLANG_CXX_LANGUAGE_STANDARD = "gnu++17";
				CLANG_CXX_LIBRARY = "libc++";
				CLANG_ENABLE_MODULES = YES;
				CLANG_ENABLE_OBJC_ARC = YES;
				CLANG_ENABLE_OBJC_WEAK = YES;
				CLANG_WARN_BLOCK_CAPTURE_AUTORELEASING = YES;
				CLANG_WARN_BOOL_CONVERSION = YES;
				CLANG_WARN_COMMA = YES;
				CLANG_WARN_CONSTANT_CONVERSION = YES;
				CLANG_WARN_DEPRECATED_OBJC_IMPLEMENTATIONS = YES;
				CLANG_WARN_DIRECT_OBJC_ISA_USAGE = YES_ERROR;
				CLANG_WARN_DOCUMENTATION_COMMENTS = YES;
				CLANG_WARN_EMPTY_BODY = YES;
				CLANG_WARN_ENUM_CONVERSION = YES;
				CLANG_WARN_INFINITE_RECURSION = YES;
				CLANG_WARN_INT_CONVERSION = YES;
				CLANG_WARN_NON_LITERAL_NULL_CONVERSION = YES;
				CLANG_WARN_OBJC_IMPLICIT_RETAIN_SELF = YES;
				CLANG_WARN_OBJC_LITERAL_CONVERSION = YES;
				CLANG_WARN_OBJC_ROOT_CLASS = YES_ERROR;
				CLANG_WARN_QUOTED_INCLUDE_IN_FRAMEWORK_HEADER = YES;
				CLANG_WARN_RANGE_LOOP_ANALYSIS = YES;
				CLANG_WARN_STRICT_PROTOTYPES = YES;
				CLANG_WARN_SUSPICIOUS_MOVE = YES;
				CLANG_WARN_UNGUARDED_AVAILABILITY = YES_AGGRESSIVE;
				CLANG_WARN_UNREACHABLE_CODE = YES;
				CLANG_WARN__DUPLICATE_METHOD_MATCH = YES;
				COPY_PHASE_STRIP = NO;
				DEBUG_INFORMATION_FORMAT = dwarf;
				ENABLE_STRICT_OBJC_MSGSEND = YES;
				ENABLE_TESTABILITY = YES;
				GCC_C_LANGUAGE_STANDARD = gnu11;
				GCC_DYNAMIC_NO_PIC = NO;
				GCC_NO_COMMON_BLOCKS = YES;
				GCC_OPTIMIZATION_LEVEL = 0;
				GCC_PREPROCESSOR_DEFINITIONS = (
					"DEBUG=1",
					"$(inherited)",
				);
				GCC_WARN_64_TO_32_BIT_CONVERSION = YES;
				GCC_WARN_ABOUT_RETURN_TYPE = YES_ERROR;
				GCC_WARN_UNDECLARED_SELECTOR = YES;
				GCC_WARN_UNINITIALIZED_AUTOS = YES_AGGRESSIVE;
				GCC_WARN_UNUSED_FUNCTION = YES;
				GCC_WARN_UNUSED_VARIABLE = YES;
				IPHONEOS_DEPLOYMENT_TARGET = 15.0;
				MTL_ENABLE_DEBUG_INFO = INCLUDE_SOURCE;
				MTL_FAST_MATH = YES;
				ONLY_ACTIVE_ARCH = YES;
				SDKROOT = iphoneos;
				SWIFT_ACTIVE_COMPILATION_CONDITIONS = DEBUG;
				SWIFT_OPTIMIZATION_LEVEL = "-Onone";
			};
			name = Debug;
		};
		950F7F9527300BAA00B400E1 /* Release */ = {
			isa = XCBuildConfiguration;
			buildSettings = {
				ALWAYS_SEARCH_USER_PATHS = NO;
				CLANG_ANALYZER_NONNULL = YES;
				CLANG_ANALYZER_NUMBER_OBJECT_CONVERSION = YES_AGGRESSIVE;
				CLANG_CXX_LANGUAGE_STANDARD = "gnu++17";
				CLANG_CXX_LIBRARY = "libc++";
				CLANG_ENABLE_MODULES = YES;
				CLANG_ENABLE_OBJC_ARC = YES;
				CLANG_ENABLE_OBJC_WEAK = YES;
				CLANG_WARN_BLOCK_CAPTURE_AUTORELEASING = YES;
				CLANG_WARN_BOOL_CONVERSION = YES;
				CLANG_WARN_COMMA = YES;
				CLANG_WARN_CONSTANT_CONVERSION = YES;
				CLANG_WARN_DEPRECATED_OBJC_IMPLEMENTATIONS = YES;
				CLANG_WARN_DIRECT_OBJC_ISA_USAGE = YES_ERROR;
				CLANG_WARN_DOCUMENTATION_COMMENTS = YES;
				CLANG_WARN_EMPTY_BODY = YES;
				CLANG_WARN_ENUM_CONVERSION = YES;
				CLANG_WARN_INFINITE_RECURSION = YES;
				CLANG_WARN_INT_CONVERSION = YES;
				CLANG_WARN_NON_LITERAL_NULL_CONVERSION = YES;
				CLANG_WARN_OBJC_IMPLICIT_RETAIN_SELF = YES;
				CLANG_WARN_OBJC_LITERAL_CONVERSION = YES;
				CLANG_WARN_OBJC_ROOT_CLASS = YES_ERROR;
				CLANG_WARN_QUOTED_INCLUDE_IN_FRAMEWORK_HEADER = YES;
				CLANG_WARN_RANGE_LOOP_ANALYSIS = YES;
				CLANG_WARN_STRICT_PROTOTYPES = YES;
				CLANG_WARN_SUSPICIOUS_MOVE = YES;
				CLANG_WARN_UNGUARDED_AVAILABILITY = YES_AGGRESSIVE;
				CLANG_WARN_UNREACHABLE_CODE = YES;
				CLANG_WARN__DUPLICATE_METHOD_MATCH = YES;
				COPY_PHASE_STRIP = NO;
				DEBUG_INFORMATION_FORMAT = "dwarf-with-dsym";
				ENABLE_NS_ASSERTIONS = NO;
				ENABLE_STRICT_OBJC_MSGSEND = YES;
				GCC_C_LANGUAGE_STANDARD = gnu11;
				GCC_NO_COMMON_BLOCKS = YES;
				GCC_WARN_64_TO_32_BIT_CONVERSION = YES;
				GCC_WARN_ABOUT_RETURN_TYPE = YES_ERROR;
				GCC_WARN_UNDECLARED_SELECTOR = YES;
				GCC_WARN_UNINITIALIZED_AUTOS = YES_AGGRESSIVE;
				GCC_WARN_UNUSED_FUNCTION = YES;
				GCC_WARN_UNUSED_VARIABLE = YES;
				IPHONEOS_DEPLOYMENT_TARGET = 15.0;
				MTL_ENABLE_DEBUG_INFO = NO;
				MTL_FAST_MATH = YES;
				SDKROOT = iphoneos;
				SWIFT_COMPILATION_MODE = wholemodule;
				SWIFT_OPTIMIZATION_LEVEL = "-O";
				VALIDATE_PRODUCT = YES;
			};
			name = Release;
		};
		950F7F9727300BAA00B400E1 /* Debug */ = {
			isa = XCBuildConfiguration;
			buildSettings = {
				ASSETCATALOG_COMPILER_APPICON_NAME = AppIcon;
				ASSETCATALOG_COMPILER_GLOBAL_ACCENT_COLOR_NAME = AccentColor;
				CODE_SIGN_STYLE = Automatic;
				CURRENT_PROJECT_VERSION = 1;
				DEVELOPMENT_TEAM = 4TAAWH6W7Q;
				GENERATE_INFOPLIST_FILE = YES;
				INFOPLIST_FILE = jawaher.../Info.plist;
				INFOPLIST_KEY_UIApplicationSupportsIndirectInputEvents = YES;
				INFOPLIST_KEY_UILaunchStoryboardName = LaunchScreen;
				INFOPLIST_KEY_UIMainStoryboardFile = Main;
				INFOPLIST_KEY_UISupportedInterfaceOrientations_iPad = "UIInterfaceOrientationPortrait UIInterfaceOrientationPortraitUpsideDown UIInterfaceOrientationLandscapeLeft UIInterfaceOrientationLandscapeRight";
				INFOPLIST_KEY_UISupportedInterfaceOrientations_iPhone = "UIInterfaceOrientationPortrait UIInterfaceOrientationLandscapeLeft UIInterfaceOrientationLandscapeRight";
				LD_RUNPATH_SEARCH_PATHS = (
					"$(inherited)",
					"@executable_path/Frameworks",
				);
				MARKETING_VERSION = 1.0;
				PRODUCT_BUNDLE_IDENTIFIER = "jawaher.jawaher---";
				PRODUCT_NAME = "$(TARGET_NAME)";
				SWIFT_EMIT_LOC_STRINGS = YES;
				SWIFT_VERSION = 5.0;
				TARGETED_DEVICE_FAMILY = "1,2";
			};
			name = Debug;
		};
		950F7F9827300BAA00B400E1 /* Release */ = {
			isa = XCBuildConfiguration;
			buildSettings = {
				ASSETCATALOG_COMPILER_APPICON_NAME = AppIcon;
				ASSETCATALOG_COMPILER_GLOBAL_ACCENT_COLOR_NAME = AccentColor;
				CODE_SIGN_STYLE = Automatic;
				CURRENT_PROJECT_VERSION = 1;
				DEVELOPMENT_TEAM = 4TAAWH6W7Q;
				GENERATE_INFOPLIST_FILE = YES;
				INFOPLIST_FILE = jawaher.../Info.plist;
				INFOPLIST_KEY_UIApplicationSupportsIndirectInputEvents = YES;
				INFOPLIST_KEY_UILaunchStoryboardName = LaunchScreen;
				INFOPLIST_KEY_UIMainStoryboardFile = Main;
				INFOPLIST_KEY_UISupportedInterfaceOrientations_iPad = "UIInterfaceOrientationPortrait UIInterfaceOrientationPortraitUpsideDown UIInterfaceOrientationLandscapeLeft UIInterfaceOrientationLandscapeRight";
				INFOPLIST_KEY_UISupportedInterfaceOrientations_iPhone = "UIInterfaceOrientationPortrait UIInterfaceOrientationLandscapeLeft UIInterfaceOrientationLandscapeRight";
				LD_RUNPATH_SEARCH_PATHS = (
					"$(inherited)",
					"@executable_path/Frameworks",
				);
				MARKETING_VERSION = 1.0;
				PRODUCT_BUNDLE_IDENTIFIER = "jawaher.jawaher---";
				PRODUCT_NAME = "$(TARGET_NAME)";
				SWIFT_EMIT_LOC_STRINGS = YES;
				SWIFT_VERSION = 5.0;
				TARGETED_DEVICE_FAMILY = "1,2";
			};
			name = Release;
		};
		950F7F9A27300BAA00B400E1 /* Debug */ = {
			isa = XCBuildConfiguration;
			buildSettings = {
				ALWAYS_EMBED_SWIFT_STANDARD_LIBRARIES = YES;
				BUNDLE_LOADER = "$(TEST_HOST)";
				CODE_SIGN_STYLE = Automatic;
				CURRENT_PROJECT_VERSION = 1;
				DEVELOPMENT_TEAM = 4TAAWH6W7Q;
				GENERATE_INFOPLIST_FILE = YES;
				IPHONEOS_DEPLOYMENT_TARGET = 15.0;
				LD_RUNPATH_SEARCH_PATHS = (
					"$(inherited)",
					"@executable_path/Frameworks",
					"@loader_path/Frameworks",
				);
				MARKETING_VERSION = 1.0;
				PRODUCT_BUNDLE_IDENTIFIER = "jawaher.jawaher---Tests";
				PRODUCT_NAME = "$(TARGET_NAME)";
				SWIFT_EMIT_LOC_STRINGS = NO;
				SWIFT_VERSION = 5.0;
				TARGETED_DEVICE_FAMILY = "1,2";
				TEST_HOST = "$(BUILT_PRODUCTS_DIR)/jawaher....app/jawaher...";
			};
			name = Debug;
		};
		950F7F9B27300BAA00B400E1 /* Release */ = {
			isa = XCBuildConfiguration;
			buildSettings = {
				ALWAYS_EMBED_SWIFT_STANDARD_LIBRARIES = YES;
				BUNDLE_LOADER = "$(TEST_HOST)";
				CODE_SIGN_STYLE = Automatic;
				CURRENT_PROJECT_VERSION = 1;
				DEVELOPMENT_TEAM = 4TAAWH6W7Q;
				GENERATE_INFOPLIST_FILE = YES;
				IPHONEOS_DEPLOYMENT_TARGET = 15.0;
				LD_RUNPATH_SEARCH_PATHS = (
					"$(inherited)",
					"@executable_path/Frameworks",
					"@loader_path/Frameworks",
				);
				MARKETING_VERSION = 1.0;
				PRODUCT_BUNDLE_IDENTIFIER = "jawaher.jawaher---Tests";
				PRODUCT_NAME = "$(TARGET_NAME)";
				SWIFT_EMIT_LOC_STRINGS = NO;
				SWIFT_VERSION = 5.0;
				TARGETED_DEVICE_FAMILY = "1,2";
				TEST_HOST = "$(BUILT_PRODUCTS_DIR)/jawaher....app/jawaher...";
			};
			name = Release;
		};
		950F7F9D27300BAA00B400E1 /* Debug */ = {
			isa = XCBuildConfiguration;
			buildSettings = {
				ALWAYS_EMBED_SWIFT_STANDARD_LIBRARIES = YES;
				CODE_SIGN_STYLE = Automatic;
				CURRENT_PROJECT_VERSION = 1;
				DEVELOPMENT_TEAM = 4TAAWH6W7Q;
				GENERATE_INFOPLIST_FILE = YES;
				LD_RUNPATH_SEARCH_PATHS = (
					"$(inherited)",
					"@executable_path/Frameworks",
					"@loader_path/Frameworks",
				);
				MARKETING_VERSION = 1.0;
				PRODUCT_BUNDLE_IDENTIFIER = "jawaher.jawaher---UITests";
				PRODUCT_NAME = "$(TARGET_NAME)";
				SWIFT_EMIT_LOC_STRINGS = NO;
				SWIFT_VERSION = 5.0;
				TARGETED_DEVICE_FAMILY = "1,2";
				TEST_TARGET_NAME = jawaher...;
			};
			name = Debug;
		};
		950F7F9E27300BAA00B400E1 /* Release */ = {
			isa = XCBuildConfiguration;
			buildSettings = {
				ALWAYS_EMBED_SWIFT_STANDARD_LIBRARIES = YES;
				CODE_SIGN_STYLE = Automatic;
				CURRENT_PROJECT_VERSION = 1;
				DEVELOPMENT_TEAM = 4TAAWH6W7Q;
				GENERATE_INFOPLIST_FILE = YES;
				LD_RUNPATH_SEARCH_PATHS = (
					"$(inherited)",
					"@executable_path/Frameworks",
					"@loader_path/Frameworks",
				);
				MARKETING_VERSION = 1.0;
				PRODUCT_BUNDLE_IDENTIFIER = "jawaher.jawaher---UITests";
				PRODUCT_NAME = "$(TARGET_NAME)";
				SWIFT_EMIT_LOC_STRINGS = NO;
				SWIFT_VERSION = 5.0;
				TARGETED_DEVICE_FAMILY = "1,2";
				TEST_TARGET_NAME = jawaher...;
			};
			name = Release;
		};
/* End XCBuildConfiguration section */

/* Begin XCConfigurationList section */
		950F7F6727300BA800B400E1 /* Build configuration list for PBXProject "jawaher..." */ = {
			isa = XCConfigurationList;
			buildConfigurations = (
				950F7F9427300BAA00B400E1 /* Debug */,
				950F7F9527300BAA00B400E1 /* Release */,
			);
			defaultConfigurationIsVisible = 0;
			defaultConfigurationName = Release;
		};
		950F7F9627300BAA00B400E1 /* Build configuration list for PBXNativeTarget "jawaher..." */ = {
			isa = XCConfigurationList;
			buildConfigurations = (
				950F7F9727300BAA00B400E1 /* Debug */,
				950F7F9827300BAA00B400E1 /* Release */,
			);
			defaultConfigurationIsVisible = 0;
			defaultConfigurationName = Release;
		};
		950F7F9927300BAA00B400E1 /* Build configuration list for PBXNativeTarget "jawaher...Tests" */ = {
			isa = XCConfigurationList;
			buildConfigurations = (
				950F7F9A27300BAA00B400E1 /* Debug */,
				950F7F9B27300BAA00B400E1 /* Release */,
			);
			defaultConfigurationIsVisible = 0;
			defaultConfigurationName = Release;
		};
		950F7F9C27300BAA00B400E1 /* Build configuration list for PBXNativeTarget "jawaher...UITests" */ = {
			isa = XCConfigurationList;
			buildConfigurations = (
				950F7F9D27300BAA00B400E1 /* Debug */,
				950F7F9E27300BAA00B400E1 /* Release */,
			);
			defaultConfigurationIsVisible = 0;
			defaultConfigurationName = Release;
		};
/* End XCConfigurationList section */
	};
	rootObject = 950F7F6427300BA800B400E1 /* Project object */;
}
