// !$*UTF8*$!
{
	archiveVersion = 1;
	classes = {
	};
	objectVersion = 55;
	objects = {

/* Begin PBXBuildFile section */
		A3AE3C7027307A88008E775E /* AppDelegate.swift in Sources */ = {isa = PBXBuildFile; fileRef = A3AE3C6F27307A88008E775E /* AppDelegate.swift */; };
		A3AE3C7227307A88008E775E /* SceneDelegate.swift in Sources */ = {isa = PBXBuildFile; fileRef = A3AE3C7127307A88008E775E /* SceneDelegate.swift */; };
		A3AE3C7427307A88008E775E /* ViewController.swift in Sources */ = {isa = PBXBuildFile; fileRef = A3AE3C7327307A88008E775E /* ViewController.swift */; };
		A3AE3C7727307A88008E775E /* Main.storyboard in Resources */ = {isa = PBXBuildFile; fileRef = A3AE3C7527307A88008E775E /* Main.storyboard */; };
		A3AE3C7927307A89008E775E /* Assets.xcassets in Resources */ = {isa = PBXBuildFile; fileRef = A3AE3C7827307A89008E775E /* Assets.xcassets */; };
		A3AE3C7C27307A89008E775E /* LaunchScreen.storyboard in Resources */ = {isa = PBXBuildFile; fileRef = A3AE3C7A27307A89008E775E /* LaunchScreen.storyboard */; };
		A3AE3C8727307A89008E775E /* segue_lab_17Tests.swift in Sources */ = {isa = PBXBuildFile; fileRef = A3AE3C8627307A89008E775E /* segue_lab_17Tests.swift */; };
		A3AE3C9127307A89008E775E /* segue_lab_17UITests.swift in Sources */ = {isa = PBXBuildFile; fileRef = A3AE3C9027307A89008E775E /* segue_lab_17UITests.swift */; };
		A3AE3C9327307A89008E775E /* segue_lab_17UITestsLaunchTests.swift in Sources */ = {isa = PBXBuildFile; fileRef = A3AE3C9227307A89008E775E /* segue_lab_17UITestsLaunchTests.swift */; };
		A3AE3CA02730832E008E775E /* ViewControllerTwo.swift in Sources */ = {isa = PBXBuildFile; fileRef = A3AE3C9F2730832E008E775E /* ViewControllerTwo.swift */; };
/* End PBXBuildFile section */

/* Begin PBXContainerItemProxy section */
		A3AE3C8327307A89008E775E /* PBXContainerItemProxy */ = {
			isa = PBXContainerItemProxy;
			containerPortal = A3AE3C6427307A88008E775E /* Project object */;
			proxyType = 1;
			remoteGlobalIDString = A3AE3C6B27307A88008E775E;
			remoteInfo = "segue lab 17";
		};
		A3AE3C8D27307A89008E775E /* PBXContainerItemProxy */ = {
			isa = PBXContainerItemProxy;
			containerPortal = A3AE3C6427307A88008E775E /* Project object */;
			proxyType = 1;
			remoteGlobalIDString = A3AE3C6B27307A88008E775E;
			remoteInfo = "segue lab 17";
		};
/* End PBXContainerItemProxy section */

/* Begin PBXFileReference section */
		A3AE3C6C27307A88008E775E /* segue lab 17.app */ = {isa = PBXFileReference; explicitFileType = wrapper.application; includeInIndex = 0; path = "segue lab 17.app"; sourceTree = BUILT_PRODUCTS_DIR; };
		A3AE3C6F27307A88008E775E /* AppDelegate.swift */ = {isa = PBXFileReference; lastKnownFileType = sourcecode.swift; path = AppDelegate.swift; sourceTree = "<group>"; };
		A3AE3C7127307A88008E775E /* SceneDelegate.swift */ = {isa = PBXFileReference; lastKnownFileType = sourcecode.swift; path = SceneDelegate.swift; sourceTree = "<group>"; };
		A3AE3C7327307A88008E775E /* ViewController.swift */ = {isa = PBXFileReference; lastKnownFileType = sourcecode.swift; path = ViewController.swift; sourceTree = "<group>"; };
		A3AE3C7627307A88008E775E /* Base */ = {isa = PBXFileReference; lastKnownFileType = file.storyboard; name = Base; path = Base.lproj/Main.storyboard; sourceTree = "<group>"; };
		A3AE3C7827307A89008E775E /* Assets.xcassets */ = {isa = PBXFileReference; lastKnownFileType = folder.assetcatalog; path = Assets.xcassets; sourceTree = "<group>"; };
		A3AE3C7B27307A89008E775E /* Base */ = {isa = PBXFileReference; lastKnownFileType = file.storyboard; name = Base; path = Base.lproj/LaunchScreen.storyboard; sourceTree = "<group>"; };
		A3AE3C7D27307A89008E775E /* Info.plist */ = {isa = PBXFileReference; lastKnownFileType = text.plist.xml; path = Info.plist; sourceTree = "<group>"; };
		A3AE3C8227307A89008E775E /* segue lab 17Tests.xctest */ = {isa = PBXFileReference; explicitFileType = wrapper.cfbundle; includeInIndex = 0; path = "segue lab 17Tests.xctest"; sourceTree = BUILT_PRODUCTS_DIR; };
		A3AE3C8627307A89008E775E /* segue_lab_17Tests.swift */ = {isa = PBXFileReference; lastKnownFileType = sourcecode.swift; path = segue_lab_17Tests.swift; sourceTree = "<group>"; };
		A3AE3C8C27307A89008E775E /* segue lab 17UITests.xctest */ = {isa = PBXFileReference; explicitFileType = wrapper.cfbundle; includeInIndex = 0; path = "segue lab 17UITests.xctest"; sourceTree = BUILT_PRODUCTS_DIR; };
		A3AE3C9027307A89008E775E /* segue_lab_17UITests.swift */ = {isa = PBXFileReference; lastKnownFileType = sourcecode.swift; path = segue_lab_17UITests.swift; sourceTree = "<group>"; };
		A3AE3C9227307A89008E775E /* segue_lab_17UITestsLaunchTests.swift */ = {isa = PBXFileReference; lastKnownFileType = sourcecode.swift; path = segue_lab_17UITestsLaunchTests.swift; sourceTree = "<group>"; };
		A3AE3C9F2730832E008E775E /* ViewControllerTwo.swift */ = {isa = PBXFileReference; lastKnownFileType = sourcecode.swift; path = ViewControllerTwo.swift; sourceTree = "<group>"; };
/* End PBXFileReference section */

/* Begin PBXFrameworksBuildPhase section */
		A3AE3C6927307A88008E775E /* Frameworks */ = {
			isa = PBXFrameworksBuildPhase;
			buildActionMask = 2147483647;
			files = (
			);
			runOnlyForDeploymentPostprocessing = 0;
		};
		A3AE3C7F27307A89008E775E /* Frameworks */ = {
			isa = PBXFrameworksBuildPhase;
			buildActionMask = 2147483647;
			files = (
			);
			runOnlyForDeploymentPostprocessing = 0;
		};
		A3AE3C8927307A89008E775E /* Frameworks */ = {
			isa = PBXFrameworksBuildPhase;
			buildActionMask = 2147483647;
			files = (
			);
			runOnlyForDeploymentPostprocessing = 0;
		};
/* End PBXFrameworksBuildPhase section */

/* Begin PBXGroup section */
		A3AE3C6327307A88008E775E = {
			isa = PBXGroup;
			children = (
				A3AE3C6E27307A88008E775E /* segue lab 17 */,
				A3AE3C8527307A89008E775E /* segue lab 17Tests */,
				A3AE3C8F27307A89008E775E /* segue lab 17UITests */,
				A3AE3C6D27307A88008E775E /* Products */,
			);
			sourceTree = "<group>";
		};
		A3AE3C6D27307A88008E775E /* Products */ = {
			isa = PBXGroup;
			children = (
				A3AE3C6C27307A88008E775E /* segue lab 17.app */,
				A3AE3C8227307A89008E775E /* segue lab 17Tests.xctest */,
				A3AE3C8C27307A89008E775E /* segue lab 17UITests.xctest */,
			);
			name = Products;
			sourceTree = "<group>";
		};
		A3AE3C6E27307A88008E775E /* segue lab 17 */ = {
			isa = PBXGroup;
			children = (
				A3AE3C6F27307A88008E775E /* AppDelegate.swift */,
				A3AE3C7127307A88008E775E /* SceneDelegate.swift */,
				A3AE3C7327307A88008E775E /* ViewController.swift */,
				A3AE3C9F2730832E008E775E /* ViewControllerTwo.swift */,
				A3AE3C7527307A88008E775E /* Main.storyboard */,
				A3AE3C7827307A89008E775E /* Assets.xcassets */,
				A3AE3C7A27307A89008E775E /* LaunchScreen.storyboard */,
				A3AE3C7D27307A89008E775E /* Info.plist */,
			);
			path = "segue lab 17";
			sourceTree = "<group>";
		};
		A3AE3C8527307A89008E775E /* segue lab 17Tests */ = {
			isa = PBXGroup;
			children = (
				A3AE3C8627307A89008E775E /* segue_lab_17Tests.swift */,
			);
			path = "segue lab 17Tests";
			sourceTree = "<group>";
		};
		A3AE3C8F27307A89008E775E /* segue lab 17UITests */ = {
			isa = PBXGroup;
			children = (
				A3AE3C9027307A89008E775E /* segue_lab_17UITests.swift */,
				A3AE3C9227307A89008E775E /* segue_lab_17UITestsLaunchTests.swift */,
			);
			path = "segue lab 17UITests";
			sourceTree = "<group>";
		};
/* End PBXGroup section */

/* Begin PBXNativeTarget section */
		A3AE3C6B27307A88008E775E /* segue lab 17 */ = {
			isa = PBXNativeTarget;
			buildConfigurationList = A3AE3C9627307A89008E775E /* Build configuration list for PBXNativeTarget "segue lab 17" */;
			buildPhases = (
				A3AE3C6827307A88008E775E /* Sources */,
				A3AE3C6927307A88008E775E /* Frameworks */,
				A3AE3C6A27307A88008E775E /* Resources */,
			);
			buildRules = (
			);
			dependencies = (
			);
			name = "segue lab 17";
			productName = "segue lab 17";
			productReference = A3AE3C6C27307A88008E775E /* segue lab 17.app */;
			productType = "com.apple.product-type.application";
		};
		A3AE3C8127307A89008E775E /* segue lab 17Tests */ = {
			isa = PBXNativeTarget;
			buildConfigurationList = A3AE3C9927307A89008E775E /* Build configuration list for PBXNativeTarget "segue lab 17Tests" */;
			buildPhases = (
				A3AE3C7E27307A89008E775E /* Sources */,
				A3AE3C7F27307A89008E775E /* Frameworks */,
				A3AE3C8027307A89008E775E /* Resources */,
			);
			buildRules = (
			);
			dependencies = (
				A3AE3C8427307A89008E775E /* PBXTargetDependency */,
			);
			name = "segue lab 17Tests";
			productName = "segue lab 17Tests";
			productReference = A3AE3C8227307A89008E775E /* segue lab 17Tests.xctest */;
			productType = "com.apple.product-type.bundle.unit-test";
		};
		A3AE3C8B27307A89008E775E /* segue lab 17UITests */ = {
			isa = PBXNativeTarget;
			buildConfigurationList = A3AE3C9C27307A89008E775E /* Build configuration list for PBXNativeTarget "segue lab 17UITests" */;
			buildPhases = (
				A3AE3C8827307A89008E775E /* Sources */,
				A3AE3C8927307A89008E775E /* Frameworks */,
				A3AE3C8A27307A89008E775E /* Resources */,
			);
			buildRules = (
			);
			dependencies = (
				A3AE3C8E27307A89008E775E /* PBXTargetDependency */,
			);
			name = "segue lab 17UITests";
			productName = "segue lab 17UITests";
			productReference = A3AE3C8C27307A89008E775E /* segue lab 17UITests.xctest */;
			productType = "com.apple.product-type.bundle.ui-testing";
		};
/* End PBXNativeTarget section */

/* Begin PBXProject section */
		A3AE3C6427307A88008E775E /* Project object */ = {
			isa = PBXProject;
			attributes = {
				BuildIndependentTargetsInParallel = 1;
				LastSwiftUpdateCheck = 1310;
				LastUpgradeCheck = 1310;
				TargetAttributes = {
					A3AE3C6B27307A88008E775E = {
						CreatedOnToolsVersion = 13.1;
					};
					A3AE3C8127307A89008E775E = {
						CreatedOnToolsVersion = 13.1;
						TestTargetID = A3AE3C6B27307A88008E775E;
					};
					A3AE3C8B27307A89008E775E = {
						CreatedOnToolsVersion = 13.1;
						TestTargetID = A3AE3C6B27307A88008E775E;
					};
				};
			};
			buildConfigurationList = A3AE3C6727307A88008E775E /* Build configuration list for PBXProject "segue lab 17" */;
			compatibilityVersion = "Xcode 13.0";
			developmentRegion = en;
			hasScannedForEncodings = 0;
			knownRegions = (
				en,
				Base,
			);
			mainGroup = A3AE3C6327307A88008E775E;
			productRefGroup = A3AE3C6D27307A88008E775E /* Products */;
			projectDirPath = "";
			projectRoot = "";
			targets = (
				A3AE3C6B27307A88008E775E /* segue lab 17 */,
				A3AE3C8127307A89008E775E /* segue lab 17Tests */,
				A3AE3C8B27307A89008E775E /* segue lab 17UITests */,
			);
		};
/* End PBXProject section */

/* Begin PBXResourcesBuildPhase section */
		A3AE3C6A27307A88008E775E /* Resources */ = {
			isa = PBXResourcesBuildPhase;
			buildActionMask = 2147483647;
			files = (
				A3AE3C7C27307A89008E775E /* LaunchScreen.storyboard in Resources */,
				A3AE3C7927307A89008E775E /* Assets.xcassets in Resources */,
				A3AE3C7727307A88008E775E /* Main.storyboard in Resources */,
			);
			runOnlyForDeploymentPostprocessing = 0;
		};
		A3AE3C8027307A89008E775E /* Resources */ = {
			isa = PBXResourcesBuildPhase;
			buildActionMask = 2147483647;
			files = (
			);
			runOnlyForDeploymentPostprocessing = 0;
		};
		A3AE3C8A27307A89008E775E /* Resources */ = {
			isa = PBXResourcesBuildPhase;
			buildActionMask = 2147483647;
			files = (
			);
			runOnlyForDeploymentPostprocessing = 0;
		};
/* End PBXResourcesBuildPhase section */

/* Begin PBXSourcesBuildPhase section */
		A3AE3C6827307A88008E775E /* Sources */ = {
			isa = PBXSourcesBuildPhase;
			buildActionMask = 2147483647;
			files = (
				A3AE3C7427307A88008E775E /* ViewController.swift in Sources */,
				A3AE3C7027307A88008E775E /* AppDelegate.swift in Sources */,
				A3AE3C7227307A88008E775E /* SceneDelegate.swift in Sources */,
				A3AE3CA02730832E008E775E /* ViewControllerTwo.swift in Sources */,
			);
			runOnlyForDeploymentPostprocessing = 0;
		};
		A3AE3C7E27307A89008E775E /* Sources */ = {
			isa = PBXSourcesBuildPhase;
			buildActionMask = 2147483647;
			files = (
				A3AE3C8727307A89008E775E /* segue_lab_17Tests.swift in Sources */,
			);
			runOnlyForDeploymentPostprocessing = 0;
		};
		A3AE3C8827307A89008E775E /* Sources */ = {
			isa = PBXSourcesBuildPhase;
			buildActionMask = 2147483647;
			files = (
				A3AE3C9327307A89008E775E /* segue_lab_17UITestsLaunchTests.swift in Sources */,
				A3AE3C9127307A89008E775E /* segue_lab_17UITests.swift in Sources */,
			);
			runOnlyForDeploymentPostprocessing = 0;
		};
/* End PBXSourcesBuildPhase section */

/* Begin PBXTargetDependency section */
		A3AE3C8427307A89008E775E /* PBXTargetDependency */ = {
			isa = PBXTargetDependency;
			target = A3AE3C6B27307A88008E775E /* segue lab 17 */;
			targetProxy = A3AE3C8327307A89008E775E /* PBXContainerItemProxy */;
		};
		A3AE3C8E27307A89008E775E /* PBXTargetDependency */ = {
			isa = PBXTargetDependency;
			target = A3AE3C6B27307A88008E775E /* segue lab 17 */;
			targetProxy = A3AE3C8D27307A89008E775E /* PBXContainerItemProxy */;
		};
/* End PBXTargetDependency section */

/* Begin PBXVariantGroup section */
		A3AE3C7527307A88008E775E /* Main.storyboard */ = {
			isa = PBXVariantGroup;
			children = (
				A3AE3C7627307A88008E775E /* Base */,
			);
			name = Main.storyboard;
			sourceTree = "<group>";
		};
		A3AE3C7A27307A89008E775E /* LaunchScreen.storyboard */ = {
			isa = PBXVariantGroup;
			children = (
				A3AE3C7B27307A89008E775E /* Base */,
			);
			name = LaunchScreen.storyboard;
			sourceTree = "<group>";
		};
/* End PBXVariantGroup section */

/* Begin XCBuildConfiguration section */
		A3AE3C9427307A89008E775E /* Debug */ = {
			isa = XCBuildConfiguration;
			buildSettings = {
				ALWAYS_SEARCH_USER_PATHS = NO;
				CLANG_ANALYZER_NONNULL = YES;
				CLANG_ANALYZER_NUMBER_OBJECT_CONVERSION = YES_AGGRESSIVE;
				CLANG_CXX_LANGUAGE_STANDARD = "gnu++17";
				CLANG_CXX_LIBRARY = "libc++";
				CLANG_ENABLE_MODULES = YES;
				CLANG_ENABLE_OBJC_ARC = YES;
				CLANG_ENABLE_OBJC_WEAK = YES;
				CLANG_WARN_BLOCK_CAPTURE_AUTORELEASING = YES;
				CLANG_WARN_BOOL_CONVERSION = YES;
				CLANG_WARN_COMMA = YES;
				CLANG_WARN_CONSTANT_CONVERSION = YES;
				CLANG_WARN_DEPRECATED_OBJC_IMPLEMENTATIONS = YES;
				CLANG_WARN_DIRECT_OBJC_ISA_USAGE = YES_ERROR;
				CLANG_WARN_DOCUMENTATION_COMMENTS = YES;
				CLANG_WARN_EMPTY_BODY = YES;
				CLANG_WARN_ENUM_CONVERSION = YES;
				CLANG_WARN_INFINITE_RECURSION = YES;
				CLANG_WARN_INT_CONVERSION = YES;
				CLANG_WARN_NON_LITERAL_NULL_CONVERSION = YES;
				CLANG_WARN_OBJC_IMPLICIT_RETAIN_SELF = YES;
				CLANG_WARN_OBJC_LITERAL_CONVERSION = YES;
				CLANG_WARN_OBJC_ROOT_CLASS = YES_ERROR;
				CLANG_WARN_QUOTED_INCLUDE_IN_FRAMEWORK_HEADER = YES;
				CLANG_WARN_RANGE_LOOP_ANALYSIS = YES;
				CLANG_WARN_STRICT_PROTOTYPES = YES;
				CLANG_WARN_SUSPICIOUS_MOVE = YES;
				CLANG_WARN_UNGUARDED_AVAILABILITY = YES_AGGRESSIVE;
				CLANG_WARN_UNREACHABLE_CODE = YES;
				CLANG_WARN__DUPLICATE_METHOD_MATCH = YES;
				COPY_PHASE_STRIP = NO;
				DEBUG_INFORMATION_FORMAT = dwarf;
				ENABLE_STRICT_OBJC_MSGSEND = YES;
				ENABLE_TESTABILITY = YES;
				GCC_C_LANGUAGE_STANDARD = gnu11;
				GCC_DYNAMIC_NO_PIC = NO;
				GCC_NO_COMMON_BLOCKS = YES;
				GCC_OPTIMIZATION_LEVEL = 0;
				GCC_PREPROCESSOR_DEFINITIONS = (
					"DEBUG=1",
					"$(inherited)",
				);
				GCC_WARN_64_TO_32_BIT_CONVERSION = YES;
				GCC_WARN_ABOUT_RETURN_TYPE = YES_ERROR;
				GCC_WARN_UNDECLARED_SELECTOR = YES;
				GCC_WARN_UNINITIALIZED_AUTOS = YES_AGGRESSIVE;
				GCC_WARN_UNUSED_FUNCTION = YES;
				GCC_WARN_UNUSED_VARIABLE = YES;
				IPHONEOS_DEPLOYMENT_TARGET = 15.0;
				MTL_ENABLE_DEBUG_INFO = INCLUDE_SOURCE;
				MTL_FAST_MATH = YES;
				ONLY_ACTIVE_ARCH = YES;
				SDKROOT = iphoneos;
				SWIFT_ACTIVE_COMPILATION_CONDITIONS = DEBUG;
				SWIFT_OPTIMIZATION_LEVEL = "-Onone";
			};
			name = Debug;
		};
		A3AE3C9527307A89008E775E /* Release */ = {
			isa = XCBuildConfiguration;
			buildSettings = {
				ALWAYS_SEARCH_USER_PATHS = NO;
				CLANG_ANALYZER_NONNULL = YES;
				CLANG_ANALYZER_NUMBER_OBJECT_CONVERSION = YES_AGGRESSIVE;
				CLANG_CXX_LANGUAGE_STANDARD = "gnu++17";
				CLANG_CXX_LIBRARY = "libc++";
				CLANG_ENABLE_MODULES = YES;
				CLANG_ENABLE_OBJC_ARC = YES;
				CLANG_ENABLE_OBJC_WEAK = YES;
				CLANG_WARN_BLOCK_CAPTURE_AUTORELEASING = YES;
				CLANG_WARN_BOOL_CONVERSION = YES;
				CLANG_WARN_COMMA = YES;
				CLANG_WARN_CONSTANT_CONVERSION = YES;
				CLANG_WARN_DEPRECATED_OBJC_IMPLEMENTATIONS = YES;
				CLANG_WARN_DIRECT_OBJC_ISA_USAGE = YES_ERROR;
				CLANG_WARN_DOCUMENTATION_COMMENTS = YES;
				CLANG_WARN_EMPTY_BODY = YES;
				CLANG_WARN_ENUM_CONVERSION = YES;
				CLANG_WARN_INFINITE_RECURSION = YES;
				CLANG_WARN_INT_CONVERSION = YES;
				CLANG_WARN_NON_LITERAL_NULL_CONVERSION = YES;
				CLANG_WARN_OBJC_IMPLICIT_RETAIN_SELF = YES;
				CLANG_WARN_OBJC_LITERAL_CONVERSION = YES;
				CLANG_WARN_OBJC_ROOT_CLASS = YES_ERROR;
				CLANG_WARN_QUOTED_INCLUDE_IN_FRAMEWORK_HEADER = YES;
				CLANG_WARN_RANGE_LOOP_ANALYSIS = YES;
				CLANG_WARN_STRICT_PROTOTYPES = YES;
				CLANG_WARN_SUSPICIOUS_MOVE = YES;
				CLANG_WARN_UNGUARDED_AVAILABILITY = YES_AGGRESSIVE;
				CLANG_WARN_UNREACHABLE_CODE = YES;
				CLANG_WARN__DUPLICATE_METHOD_MATCH = YES;
				COPY_PHASE_STRIP = NO;
				DEBUG_INFORMATION_FORMAT = "dwarf-with-dsym";
				ENABLE_NS_ASSERTIONS = NO;
				ENABLE_STRICT_OBJC_MSGSEND = YES;
				GCC_C_LANGUAGE_STANDARD = gnu11;
				GCC_NO_COMMON_BLOCKS = YES;
				GCC_WARN_64_TO_32_BIT_CONVERSION = YES;
				GCC_WARN_ABOUT_RETURN_TYPE = YES_ERROR;
				GCC_WARN_UNDECLARED_SELECTOR = YES;
				GCC_WARN_UNINITIALIZED_AUTOS = YES_AGGRESSIVE;
				GCC_WARN_UNUSED_FUNCTION = YES;
				GCC_WARN_UNUSED_VARIABLE = YES;
				IPHONEOS_DEPLOYMENT_TARGET = 15.0;
				MTL_ENABLE_DEBUG_INFO = NO;
				MTL_FAST_MATH = YES;
				SDKROOT = iphoneos;
				SWIFT_COMPILATION_MODE = wholemodule;
				SWIFT_OPTIMIZATION_LEVEL = "-O";
				VALIDATE_PRODUCT = YES;
			};
			name = Release;
		};
		A3AE3C9727307A89008E775E /* Debug */ = {
			isa = XCBuildConfiguration;
			buildSettings = {
				ASSETCATALOG_COMPILER_APPICON_NAME = AppIcon;
				ASSETCATALOG_COMPILER_GLOBAL_ACCENT_COLOR_NAME = AccentColor;
				CODE_SIGN_STYLE = Automatic;
				CURRENT_PROJECT_VERSION = 1;
				GENERATE_INFOPLIST_FILE = YES;
				INFOPLIST_FILE = "segue lab 17/Info.plist";
				INFOPLIST_KEY_UIApplicationSupportsIndirectInputEvents = YES;
				INFOPLIST_KEY_UILaunchStoryboardName = LaunchScreen;
				INFOPLIST_KEY_UIMainStoryboardFile = Main;
				INFOPLIST_KEY_UISupportedInterfaceOrientations_iPad = "UIInterfaceOrientationPortrait UIInterfaceOrientationPortraitUpsideDown UIInterfaceOrientationLandscapeLeft UIInterfaceOrientationLandscapeRight";
				INFOPLIST_KEY_UISupportedInterfaceOrientations_iPhone = "UIInterfaceOrientationPortrait UIInterfaceOrientationLandscapeLeft UIInterfaceOrientationLandscapeRight";
				LD_RUNPATH_SEARCH_PATHS = (
					"$(inherited)",
					"@executable_path/Frameworks",
				);
				MARKETING_VERSION = 1.0;
				PRODUCT_BUNDLE_IDENTIFIER = "musa-masmali.segue-lab-17";
				PRODUCT_NAME = "$(TARGET_NAME)";
				SWIFT_EMIT_LOC_STRINGS = YES;
				SWIFT_VERSION = 5.0;
				TARGETED_DEVICE_FAMILY = "1,2";
			};
			name = Debug;
		};
		A3AE3C9827307A89008E775E /* Release */ = {
			isa = XCBuildConfiguration;
			buildSettings = {
				ASSETCATALOG_COMPILER_APPICON_NAME = AppIcon;
				ASSETCATALOG_COMPILER_GLOBAL_ACCENT_COLOR_NAME = AccentColor;
				CODE_SIGN_STYLE = Automatic;
				CURRENT_PROJECT_VERSION = 1;
				GENERATE_INFOPLIST_FILE = YES;
				INFOPLIST_FILE = "segue lab 17/Info.plist";
				INFOPLIST_KEY_UIApplicationSupportsIndirectInputEvents = YES;
				INFOPLIST_KEY_UILaunchStoryboardName = LaunchScreen;
				INFOPLIST_KEY_UIMainStoryboardFile = Main;
				INFOPLIST_KEY_UISupportedInterfaceOrientations_iPad = "UIInterfaceOrientationPortrait UIInterfaceOrientationPortraitUpsideDown UIInterfaceOrientationLandscapeLeft UIInterfaceOrientationLandscapeRight";
				INFOPLIST_KEY_UISupportedInterfaceOrientations_iPhone = "UIInterfaceOrientationPortrait UIInterfaceOrientationLandscapeLeft UIInterfaceOrientationLandscapeRight";
				LD_RUNPATH_SEARCH_PATHS = (
					"$(inherited)",
					"@executable_path/Frameworks",
				);
				MARKETING_VERSION = 1.0;
				PRODUCT_BUNDLE_IDENTIFIER = "musa-masmali.segue-lab-17";
				PRODUCT_NAME = "$(TARGET_NAME)";
				SWIFT_EMIT_LOC_STRINGS = YES;
				SWIFT_VERSION = 5.0;
				TARGETED_DEVICE_FAMILY = "1,2";
			};
			name = Release;
		};
		A3AE3C9A27307A89008E775E /* Debug */ = {
			isa = XCBuildConfiguration;
			buildSettings = {
				ALWAYS_EMBED_SWIFT_STANDARD_LIBRARIES = YES;
				BUNDLE_LOADER = "$(TEST_HOST)";
				CODE_SIGN_STYLE = Automatic;
				CURRENT_PROJECT_VERSION = 1;
				GENERATE_INFOPLIST_FILE = YES;
				IPHONEOS_DEPLOYMENT_TARGET = 15.0;
				LD_RUNPATH_SEARCH_PATHS = (
					"$(inherited)",
					"@executable_path/Frameworks",
					"@loader_path/Frameworks",
				);
				MARKETING_VERSION = 1.0;
				PRODUCT_BUNDLE_IDENTIFIER = "musa-masmali.segue-lab-17Tests";
				PRODUCT_NAME = "$(TARGET_NAME)";
				SWIFT_EMIT_LOC_STRINGS = NO;
				SWIFT_VERSION = 5.0;
				TARGETED_DEVICE_FAMILY = "1,2";
				TEST_HOST = "$(BUILT_PRODUCTS_DIR)/segue lab 17.app/segue lab 17";
			};
			name = Debug;
		};
		A3AE3C9B27307A89008E775E /* Release */ = {
			isa = XCBuildConfiguration;
			buildSettings = {
				ALWAYS_EMBED_SWIFT_STANDARD_LIBRARIES = YES;
				BUNDLE_LOADER = "$(TEST_HOST)";
				CODE_SIGN_STYLE = Automatic;
				CURRENT_PROJECT_VERSION = 1;
				GENERATE_INFOPLIST_FILE = YES;
				IPHONEOS_DEPLOYMENT_TARGET = 15.0;
				LD_RUNPATH_SEARCH_PATHS = (
					"$(inherited)",
					"@executable_path/Frameworks",
					"@loader_path/Frameworks",
				);
				MARKETING_VERSION = 1.0;
				PRODUCT_BUNDLE_IDENTIFIER = "musa-masmali.segue-lab-17Tests";
				PRODUCT_NAME = "$(TARGET_NAME)";
				SWIFT_EMIT_LOC_STRINGS = NO;
				SWIFT_VERSION = 5.0;
				TARGETED_DEVICE_FAMILY = "1,2";
				TEST_HOST = "$(BUILT_PRODUCTS_DIR)/segue lab 17.app/segue lab 17";
			};
			name = Release;
		};
		A3AE3C9D27307A89008E775E /* Debug */ = {
			isa = XCBuildConfiguration;
			buildSettings = {
				ALWAYS_EMBED_SWIFT_STANDARD_LIBRARIES = YES;
				CODE_SIGN_STYLE = Automatic;
				CURRENT_PROJECT_VERSION = 1;
				GENERATE_INFOPLIST_FILE = YES;
				LD_RUNPATH_SEARCH_PATHS = (
					"$(inherited)",
					"@executable_path/Frameworks",
					"@loader_path/Frameworks",
				);
				MARKETING_VERSION = 1.0;
				PRODUCT_BUNDLE_IDENTIFIER = "musa-masmali.segue-lab-17UITests";
				PRODUCT_NAME = "$(TARGET_NAME)";
				SWIFT_EMIT_LOC_STRINGS = NO;
				SWIFT_VERSION = 5.0;
				TARGETED_DEVICE_FAMILY = "1,2";
				TEST_TARGET_NAME = "segue lab 17";
			};
			name = Debug;
		};
		A3AE3C9E27307A89008E775E /* Release */ = {
			isa = XCBuildConfiguration;
			buildSettings = {
				ALWAYS_EMBED_SWIFT_STANDARD_LIBRARIES = YES;
				CODE_SIGN_STYLE = Automatic;
				CURRENT_PROJECT_VERSION = 1;
				GENERATE_INFOPLIST_FILE = YES;
				LD_RUNPATH_SEARCH_PATHS = (
					"$(inherited)",
					"@executable_path/Frameworks",
					"@loader_path/Frameworks",
				);
				MARKETING_VERSION = 1.0;
				PRODUCT_BUNDLE_IDENTIFIER = "musa-masmali.segue-lab-17UITests";
				PRODUCT_NAME = "$(TARGET_NAME)";
				SWIFT_EMIT_LOC_STRINGS = NO;
				SWIFT_VERSION = 5.0;
				TARGETED_DEVICE_FAMILY = "1,2";
				TEST_TARGET_NAME = "segue lab 17";
			};
			name = Release;
		};
/* End XCBuildConfiguration section */

/* Begin XCConfigurationList section */
		A3AE3C6727307A88008E775E /* Build configuration list for PBXProject "segue lab 17" */ = {
			isa = XCConfigurationList;
			buildConfigurations = (
				A3AE3C9427307A89008E775E /* Debug */,
				A3AE3C9527307A89008E775E /* Release */,
			);
			defaultConfigurationIsVisible = 0;
			defaultConfigurationName = Release;
		};
		A3AE3C9627307A89008E775E /* Build configuration list for PBXNativeTarget "segue lab 17" */ = {
			isa = XCConfigurationList;
			buildConfigurations = (
				A3AE3C9727307A89008E775E /* Debug */,
				A3AE3C9827307A89008E775E /* Release */,
			);
			defaultConfigurationIsVisible = 0;
			defaultConfigurationName = Release;
		};
		A3AE3C9927307A89008E775E /* Build configuration list for PBXNativeTarget "segue lab 17Tests" */ = {
			isa = XCConfigurationList;
			buildConfigurations = (
				A3AE3C9A27307A89008E775E /* Debug */,
				A3AE3C9B27307A89008E775E /* Release */,
			);
			defaultConfigurationIsVisible = 0;
			defaultConfigurationName = Release;
		};
		A3AE3C9C27307A89008E775E /* Build configuration list for PBXNativeTarget "segue lab 17UITests" */ = {
			isa = XCConfigurationList;
			buildConfigurations = (
				A3AE3C9D27307A89008E775E /* Debug */,
				A3AE3C9E27307A89008E775E /* Release */,
			);
			defaultConfigurationIsVisible = 0;
			defaultConfigurationName = Release;
		};
/* End XCConfigurationList section */
	};
	rootObject = A3AE3C6427307A88008E775E /* Project object */;
}
